// !$*UTF8*$!
{
	archiveVersion = 1;
	classes = {
	};
	objectVersion = 77;
	objects = {

/* Begin PBXBuildFile section */
		6508A0BA2DF209B600312AFD /* SwiftUIFlowLayout in Frameworks */ = {isa = PBXBuildFile; productRef = 6508A0B92DF209B600312AFD /* SwiftUIFlowLayout */; };
/* End PBXBuildFile section */

/* Begin PBXContainerItemProxy section */
		6578383A2DE773CE00770B49 /* PBXContainerItemProxy */ = {
			isa = PBXContainerItemProxy;
			containerPortal = 657838242DE773CC00770B49 /* Project object */;
			proxyType = 1;
			remoteGlobalIDString = 6578382B2DE773CC00770B49;
			remoteInfo = ScoopTest;
		};
		657838442DE773CE00770B49 /* PBXContainerItemProxy */ = {
			isa = PBXContainerItemProxy;
			containerPortal = 657838242DE773CC00770B49 /* Project object */;
			proxyType = 1;
			remoteGlobalIDString = 6578382B2DE773CC00770B49;
			remoteInfo = ScoopTest;
		};
/* End PBXContainerItemProxy section */

/* Begin PBXFileReference section */
		6578382C2DE773CC00770B49 /* ScoopTest.app */ = {isa = PBXFileReference; explicitFileType = wrapper.application; includeInIndex = 0; path = ScoopTest.app; sourceTree = BUILT_PRODUCTS_DIR; };
		657838392DE773CE00770B49 /* ScoopTestTests.xctest */ = {isa = PBXFileReference; explicitFileType = wrapper.cfbundle; includeInIndex = 0; path = ScoopTestTests.xctest; sourceTree = BUILT_PRODUCTS_DIR; };
		657838432DE773CE00770B49 /* ScoopTestUITests.xctest */ = {isa = PBXFileReference; explicitFileType = wrapper.cfbundle; includeInIndex = 0; path = ScoopTestUITests.xctest; sourceTree = BUILT_PRODUCTS_DIR; };
/* End PBXFileReference section */

/* Begin PBXFileSystemSynchronizedBuildFileExceptionSet section */
		657838942DE7768C00770B49 /* Exceptions for "ScoopTest" folder in "ScoopTest" target */ = {
			isa = PBXFileSystemSynchronizedBuildFileExceptionSet;
			membershipExceptions = (
				Info.plist,
			);
			target = 6578382B2DE773CC00770B49 /* ScoopTest */;
		};
/* End PBXFileSystemSynchronizedBuildFileExceptionSet section */

/* Begin PBXFileSystemSynchronizedRootGroup section */
		6578382E2DE773CC00770B49 /* ScoopTest */ = {
			isa = PBXFileSystemSynchronizedRootGroup;
			exceptions = (
				657838942DE7768C00770B49 /* Exceptions for "ScoopTest" folder in "ScoopTest" target */,
			);
			path = ScoopTest;
			sourceTree = "<group>";
		};
		6578383C2DE773CE00770B49 /* ScoopTestTests */ = {
			isa = PBXFileSystemSynchronizedRootGroup;
			path = ScoopTestTests;
			sourceTree = "<group>";
		};
		657838462DE773CE00770B49 /* ScoopTestUITests */ = {
			isa = PBXFileSystemSynchronizedRootGroup;
			path = ScoopTestUITests;
			sourceTree = "<group>";
		};
/* End PBXFileSystemSynchronizedRootGroup section */

/* Begin PBXFrameworksBuildPhase section */
		657838292DE773CC00770B49 /* Frameworks */ = {
			isa = PBXFrameworksBuildPhase;
			buildActionMask = 2147483647;
			files = (
				6508A0BA2DF209B600312AFD /* SwiftUIFlowLayout in Frameworks */,
			);
			runOnlyForDeploymentPostprocessing = 0;
		};
		657838362DE773CE00770B49 /* Frameworks */ = {
			isa = PBXFrameworksBuildPhase;
			buildActionMask = 2147483647;
			files = (
			);
			runOnlyForDeploymentPostprocessing = 0;
		};
		657838402DE773CE00770B49 /* Frameworks */ = {
			isa = PBXFrameworksBuildPhase;
			buildActionMask = 2147483647;
			files = (
			);
			runOnlyForDeploymentPostprocessing = 0;
		};
/* End PBXFrameworksBuildPhase section */

/* Begin PBXGroup section */
		657838232DE773CC00770B49 = {
			isa = PBXGroup;
			children = (
				6578382E2DE773CC00770B49 /* ScoopTest */,
				6578383C2DE773CE00770B49 /* ScoopTestTests */,
				657838462DE773CE00770B49 /* ScoopTestUITests */,
				6578382D2DE773CC00770B49 /* Products */,
			);
			sourceTree = "<group>";
		};
		6578382D2DE773CC00770B49 /* Products */ = {
			isa = PBXGroup;
			children = (
				6578382C2DE773CC00770B49 /* ScoopTest.app */,
				657838392DE773CE00770B49 /* ScoopTestTests.xctest */,
				657838432DE773CE00770B49 /* ScoopTestUITests.xctest */,
			);
			name = Products;
			sourceTree = "<group>";
		};
/* End PBXGroup section */

/* Begin PBXNativeTarget section */
		6578382B2DE773CC00770B49 /* ScoopTest */ = {
			isa = PBXNativeTarget;
			buildConfigurationList = 6578384D2DE773CE00770B49 /* Build configuration list for PBXNativeTarget "ScoopTest" */;
			buildPhases = (
				657838282DE773CC00770B49 /* Sources */,
				657838292DE773CC00770B49 /* Frameworks */,
				6578382A2DE773CC00770B49 /* Resources */,
			);
			buildRules = (
			);
			dependencies = (
			);
			fileSystemSynchronizedGroups = (
				6578382E2DE773CC00770B49 /* ScoopTest */,
			);
			name = ScoopTest;
			packageProductDependencies = (
				6508A0B92DF209B600312AFD /* SwiftUIFlowLayout */,
			);
			productName = ScoopTest;
			productReference = 6578382C2DE773CC00770B49 /* ScoopTest.app */;
			productType = "com.apple.product-type.application";
		};
		657838382DE773CE00770B49 /* ScoopTestTests */ = {
			isa = PBXNativeTarget;
			buildConfigurationList = 657838502DE773CE00770B49 /* Build configuration list for PBXNativeTarget "ScoopTestTests" */;
			buildPhases = (
				657838352DE773CE00770B49 /* Sources */,
				657838362DE773CE00770B49 /* Frameworks */,
				657838372DE773CE00770B49 /* Resources */,
			);
			buildRules = (
			);
			dependencies = (
				6578383B2DE773CE00770B49 /* PBXTargetDependency */,
			);
			fileSystemSynchronizedGroups = (
				6578383C2DE773CE00770B49 /* ScoopTestTests */,
			);
			name = ScoopTestTests;
			packageProductDependencies = (
			);
			productName = ScoopTestTests;
			productReference = 657838392DE773CE00770B49 /* ScoopTestTests.xctest */;
			productType = "com.apple.product-type.bundle.unit-test";
		};
		657838422DE773CE00770B49 /* ScoopTestUITests */ = {
			isa = PBXNativeTarget;
			buildConfigurationList = 657838532DE773CE00770B49 /* Build configuration list for PBXNativeTarget "ScoopTestUITests" */;
			buildPhases = (
				6578383F2DE773CE00770B49 /* Sources */,
				657838402DE773CE00770B49 /* Frameworks */,
				657838412DE773CE00770B49 /* Resources */,
			);
			buildRules = (
			);
			dependencies = (
				657838452DE773CE00770B49 /* PBXTargetDependency */,
			);
			fileSystemSynchronizedGroups = (
				657838462DE773CE00770B49 /* ScoopTestUITests */,
			);
			name = ScoopTestUITests;
			packageProductDependencies = (
			);
			productName = ScoopTestUITests;
			productReference = 657838432DE773CE00770B49 /* ScoopTestUITests.xctest */;
			productType = "com.apple.product-type.bundle.ui-testing";
		};
/* End PBXNativeTarget section */

/* Begin PBXProject section */
		657838242DE773CC00770B49 /* Project object */ = {
			isa = PBXProject;
			attributes = {
				BuildIndependentTargetsInParallel = 1;
				LastSwiftUpdateCheck = 1630;
				LastUpgradeCheck = 1630;
				TargetAttributes = {
					6578382B2DE773CC00770B49 = {
						CreatedOnToolsVersion = 16.3;
					};
					657838382DE773CE00770B49 = {
						CreatedOnToolsVersion = 16.3;
						TestTargetID = 6578382B2DE773CC00770B49;
					};
					657838422DE773CE00770B49 = {
						CreatedOnToolsVersion = 16.3;
						TestTargetID = 6578382B2DE773CC00770B49;
					};
				};
			};
			buildConfigurationList = 657838272DE773CC00770B49 /* Build configuration list for PBXProject "ScoopTest" */;
			developmentRegion = en;
			hasScannedForEncodings = 0;
			knownRegions = (
				en,
				Base,
			);
			mainGroup = 657838232DE773CC00770B49;
			minimizedProjectReferenceProxies = 1;
			packageReferences = (
				6508A0B82DF209B600312AFD /* XCRemoteSwiftPackageReference "swiftui-flow-layout" */,
			);
			preferredProjectObjectVersion = 77;
			productRefGroup = 6578382D2DE773CC00770B49 /* Products */;
			projectDirPath = "";
			projectRoot = "";
			targets = (
				6578382B2DE773CC00770B49 /* ScoopTest */,
				657838382DE773CE00770B49 /* ScoopTestTests */,
				657838422DE773CE00770B49 /* ScoopTestUITests */,
			);
		};
/* End PBXProject section */

/* Begin PBXResourcesBuildPhase section */
		6578382A2DE773CC00770B49 /* Resources */ = {
			isa = PBXResourcesBuildPhase;
			buildActionMask = 2147483647;
			files = (
			);
			runOnlyForDeploymentPostprocessing = 0;
		};
		657838372DE773CE00770B49 /* Resources */ = {
			isa = PBXResourcesBuildPhase;
			buildActionMask = 2147483647;
			files = (
			);
			runOnlyForDeploymentPostprocessing = 0;
		};
		657838412DE773CE00770B49 /* Resources */ = {
			isa = PBXResourcesBuildPhase;
			buildActionMask = 2147483647;
			files = (
			);
			runOnlyForDeploymentPostprocessing = 0;
		};
/* End PBXResourcesBuildPhase section */

/* Begin PBXSourcesBuildPhase section */
		657838282DE773CC00770B49 /* Sources */ = {
			isa = PBXSourcesBuildPhase;
			buildActionMask = 2147483647;
			files = (
			);
			runOnlyForDeploymentPostprocessing = 0;
		};
		657838352DE773CE00770B49 /* Sources */ = {
			isa = PBXSourcesBuildPhase;
			buildActionMask = 2147483647;
			files = (
			);
			runOnlyForDeploymentPostprocessing = 0;
		};
		6578383F2DE773CE00770B49 /* Sources */ = {
			isa = PBXSourcesBuildPhase;
			buildActionMask = 2147483647;
			files = (
			);
			runOnlyForDeploymentPostprocessing = 0;
		};
/* End PBXSourcesBuildPhase section */

/* Begin PBXTargetDependency section */
		6578383B2DE773CE00770B49 /* PBXTargetDependency */ = {
			isa = PBXTargetDependency;
			target = 6578382B2DE773CC00770B49 /* ScoopTest */;
			targetProxy = 6578383A2DE773CE00770B49 /* PBXContainerItemProxy */;
		};
		657838452DE773CE00770B49 /* PBXTargetDependency */ = {
			isa = PBXTargetDependency;
			target = 6578382B2DE773CC00770B49 /* ScoopTest */;
			targetProxy = 657838442DE773CE00770B49 /* PBXContainerItemProxy */;
		};
/* End PBXTargetDependency section */

/* Begin XCBuildConfiguration section */
		6578384B2DE773CE00770B49 /* Debug */ = {
			isa = XCBuildConfiguration;
			buildSettings = {
				ALWAYS_SEARCH_USER_PATHS = NO;
				ASSETCATALOG_COMPILER_GENERATE_SWIFT_ASSET_SYMBOL_EXTENSIONS = YES;
				CLANG_ANALYZER_NONNULL = YES;
				CLANG_ANALYZER_NUMBER_OBJECT_CONVERSION = YES_AGGRESSIVE;
				CLANG_CXX_LANGUAGE_STANDARD = "gnu++20";
				CLANG_ENABLE_MODULES = YES;
				CLANG_ENABLE_OBJC_ARC = YES;
				CLANG_ENABLE_OBJC_WEAK = YES;
				CLANG_WARN_BLOCK_CAPTURE_AUTORELEASING = YES;
				CLANG_WARN_BOOL_CONVERSION = YES;
				CLANG_WARN_COMMA = YES;
				CLANG_WARN_CONSTANT_CONVERSION = YES;
				CLANG_WARN_DEPRECATED_OBJC_IMPLEMENTATIONS = YES;
				CLANG_WARN_DIRECT_OBJC_ISA_USAGE = YES_ERROR;
				CLANG_WARN_DOCUMENTATION_COMMENTS = YES;
				CLANG_WARN_EMPTY_BODY = YES;
				CLANG_WARN_ENUM_CONVERSION = YES;
				CLANG_WARN_INFINITE_RECURSION = YES;
				CLANG_WARN_INT_CONVERSION = YES;
				CLANG_WARN_NON_LITERAL_NULL_CONVERSION = YES;
				CLANG_WARN_OBJC_IMPLICIT_RETAIN_SELF = YES;
				CLANG_WARN_OBJC_LITERAL_CONVERSION = YES;
				CLANG_WARN_OBJC_ROOT_CLASS = YES_ERROR;
				CLANG_WARN_QUOTED_INCLUDE_IN_FRAMEWORK_HEADER = YES;
				CLANG_WARN_RANGE_LOOP_ANALYSIS = YES;
				CLANG_WARN_STRICT_PROTOTYPES = YES;
				CLANG_WARN_SUSPICIOUS_MOVE = YES;
				CLANG_WARN_UNGUARDED_AVAILABILITY = YES_AGGRESSIVE;
				CLANG_WARN_UNREACHABLE_CODE = YES;
				CLANG_WARN__DUPLICATE_METHOD_MATCH = YES;
				COPY_PHASE_STRIP = NO;
				DEBUG_INFORMATION_FORMAT = dwarf;
				DEVELOPMENT_TEAM = C92C3V9HUW;
				ENABLE_STRICT_OBJC_MSGSEND = YES;
				ENABLE_TESTABILITY = YES;
				ENABLE_USER_SCRIPT_SANDBOXING = YES;
				GCC_C_LANGUAGE_STANDARD = gnu17;
				GCC_DYNAMIC_NO_PIC = NO;
				GCC_NO_COMMON_BLOCKS = YES;
				GCC_OPTIMIZATION_LEVEL = 0;
				GCC_PREPROCESSOR_DEFINITIONS = (
					"DEBUG=1",
					"$(inherited)",
				);
				GCC_WARN_64_TO_32_BIT_CONVERSION = YES;
				GCC_WARN_ABOUT_RETURN_TYPE = YES_ERROR;
				GCC_WARN_UNDECLARED_SELECTOR = YES;
				GCC_WARN_UNINITIALIZED_AUTOS = YES_AGGRESSIVE;
				GCC_WARN_UNUSED_FUNCTION = YES;
				GCC_WARN_UNUSED_VARIABLE = YES;
				IPHONEOS_DEPLOYMENT_TARGET = 18.4;
				LOCALIZATION_PREFERS_STRING_CATALOGS = YES;
				MTL_ENABLE_DEBUG_INFO = INCLUDE_SOURCE;
				MTL_FAST_MATH = YES;
				ONLY_ACTIVE_ARCH = YES;
				SDKROOT = iphoneos;
				SWIFT_ACTIVE_COMPILATION_CONDITIONS = "DEBUG $(inherited)";
				SWIFT_OPTIMIZATION_LEVEL = "-Onone";
			};
			name = Debug;
		};
		6578384C2DE773CE00770B49 /* Release */ = {
			isa = XCBuildConfiguration;
			buildSettings = {
				ALWAYS_SEARCH_USER_PATHS = NO;
				ASSETCATALOG_COMPILER_GENERATE_SWIFT_ASSET_SYMBOL_EXTENSIONS = YES;
				CLANG_ANALYZER_NONNULL = YES;
				CLANG_ANALYZER_NUMBER_OBJECT_CONVERSION = YES_AGGRESSIVE;
				CLANG_CXX_LANGUAGE_STANDARD = "gnu++20";
				CLANG_ENABLE_MODULES = YES;
				CLANG_ENABLE_OBJC_ARC = YES;
				CLANG_ENABLE_OBJC_WEAK = YES;
				CLANG_WARN_BLOCK_CAPTURE_AUTORELEASING = YES;
				CLANG_WARN_BOOL_CONVERSION = YES;
				CLANG_WARN_COMMA = YES;
				CLANG_WARN_CONSTANT_CONVERSION = YES;
				CLANG_WARN_DEPRECATED_OBJC_IMPLEMENTATIONS = YES;
				CLANG_WARN_DIRECT_OBJC_ISA_USAGE = YES_ERROR;
				CLANG_WARN_DOCUMENTATION_COMMENTS = YES;
				CLANG_WARN_EMPTY_BODY = YES;
				CLANG_WARN_ENUM_CONVERSION = YES;
				CLANG_WARN_INFINITE_RECURSION = YES;
				CLANG_WARN_INT_CONVERSION = YES;
				CLANG_WARN_NON_LITERAL_NULL_CONVERSION = YES;
				CLANG_WARN_OBJC_IMPLICIT_RETAIN_SELF = YES;
				CLANG_WARN_OBJC_LITERAL_CONVERSION = YES;
				CLANG_WARN_OBJC_ROOT_CLASS = YES_ERROR;
				CLANG_WARN_QUOTED_INCLUDE_IN_FRAMEWORK_HEADER = YES;
				CLANG_WARN_RANGE_LOOP_ANALYSIS = YES;
				CLANG_WARN_STRICT_PROTOTYPES = YES;
				CLANG_WARN_SUSPICIOUS_MOVE = YES;
				CLANG_WARN_UNGUARDED_AVAILABILITY = YES_AGGRESSIVE;
				CLANG_WARN_UNREACHABLE_CODE = YES;
				CLANG_WARN__DUPLICATE_METHOD_MATCH = YES;
				COPY_PHASE_STRIP = NO;
				DEBUG_INFORMATION_FORMAT = "dwarf-with-dsym";
				DEVELOPMENT_TEAM = C92C3V9HUW;
				ENABLE_NS_ASSERTIONS = NO;
				ENABLE_STRICT_OBJC_MSGSEND = YES;
				ENABLE_USER_SCRIPT_SANDBOXING = YES;
				GCC_C_LANGUAGE_STANDARD = gnu17;
				GCC_NO_COMMON_BLOCKS = YES;
				GCC_WARN_64_TO_32_BIT_CONVERSION = YES;
				GCC_WARN_ABOUT_RETURN_TYPE = YES_ERROR;
				GCC_WARN_UNDECLARED_SELECTOR = YES;
				GCC_WARN_UNINITIALIZED_AUTOS = YES_AGGRESSIVE;
				GCC_WARN_UNUSED_FUNCTION = YES;
				GCC_WARN_UNUSED_VARIABLE = YES;
				IPHONEOS_DEPLOYMENT_TARGET = 18.4;
				LOCALIZATION_PREFERS_STRING_CATALOGS = YES;
				MTL_ENABLE_DEBUG_INFO = NO;
				MTL_FAST_MATH = YES;
				SDKROOT = iphoneos;
				SWIFT_COMPILATION_MODE = wholemodule;
				VALIDATE_PRODUCT = YES;
			};
			name = Release;
		};
		6578384E2DE773CE00770B49 /* Debug */ = {
			isa = XCBuildConfiguration;
			buildSettings = {
				ASSETCATALOG_COMPILER_APPICON_NAME = AppIcon;
				ASSETCATALOG_COMPILER_GLOBAL_ACCENT_COLOR_NAME = AccentColor;
				CODE_SIGN_STYLE = Automatic;
				CURRENT_PROJECT_VERSION = 1;
				DEVELOPMENT_TEAM = C92C3V9HUW;
				ENABLE_PREVIEWS = YES;
				GENERATE_INFOPLIST_FILE = YES;
				INFOPLIST_FILE = ScoopTest/Info.plist;
				INFOPLIST_KEY_UIApplicationSceneManifest_Generation = YES;
				INFOPLIST_KEY_UIApplicationSupportsIndirectInputEvents = YES;
				INFOPLIST_KEY_UILaunchScreen_Generation = YES;
				INFOPLIST_KEY_UISupportedInterfaceOrientations_iPad = "UIInterfaceOrientationPortrait UIInterfaceOrientationPortraitUpsideDown UIInterfaceOrientationLandscapeLeft UIInterfaceOrientationLandscapeRight";
				INFOPLIST_KEY_UISupportedInterfaceOrientations_iPhone = "UIInterfaceOrientationPortrait UIInterfaceOrientationLandscapeLeft UIInterfaceOrientationLandscapeRight";
				LD_RUNPATH_SEARCH_PATHS = (
					"$(inherited)",
					"@executable_path/Frameworks",
				);
				MARKETING_VERSION = 1.0;
				PRODUCT_BUNDLE_IDENTIFIER = com.Arthur.ScoopTest;
				PRODUCT_NAME = "$(TARGET_NAME)";
				SWIFT_EMIT_LOC_STRINGS = YES;
				SWIFT_VERSION = 5.0;
				TARGETED_DEVICE_FAMILY = "1,2";
			};
			name = Debug;
		};
		6578384F2DE773CE00770B49 /* Release */ = {
			isa = XCBuildConfiguration;
			buildSettings = {
				ASSETCATALOG_COMPILER_APPICON_NAME = AppIcon;
				ASSETCATALOG_COMPILER_GLOBAL_ACCENT_COLOR_NAME = AccentColor;
				CODE_SIGN_STYLE = Automatic;
				CURRENT_PROJECT_VERSION = 1;
				DEVELOPMENT_TEAM = C92C3V9HUW;
				ENABLE_PREVIEWS = YES;
				GENERATE_INFOPLIST_FILE = YES;
				INFOPLIST_FILE = ScoopTest/Info.plist;
				INFOPLIST_KEY_UIApplicationSceneManifest_Generation = YES;
				INFOPLIST_KEY_UIApplicationSupportsIndirectInputEvents = YES;
				INFOPLIST_KEY_UILaunchScreen_Generation = YES;
				INFOPLIST_KEY_UISupportedInterfaceOrientations_iPad = "UIInterfaceOrientationPortrait UIInterfaceOrientationPortraitUpsideDown UIInterfaceOrientationLandscapeLeft UIInterfaceOrientationLandscapeRight";
				INFOPLIST_KEY_UISupportedInterfaceOrientations_iPhone = "UIInterfaceOrientationPortrait UIInterfaceOrientationLandscapeLeft UIInterfaceOrientationLandscapeRight";
				LD_RUNPATH_SEARCH_PATHS = (
					"$(inherited)",
					"@executable_path/Frameworks",
				);
				MARKETING_VERSION = 1.0;
				PRODUCT_BUNDLE_IDENTIFIER = com.Arthur.ScoopTest;
				PRODUCT_NAME = "$(TARGET_NAME)";
				SWIFT_EMIT_LOC_STRINGS = YES;
				SWIFT_VERSION = 5.0;
				TARGETED_DEVICE_FAMILY = "1,2";
			};
			name = Release;
		};
		657838512DE773CE00770B49 /* Debug */ = {
			isa = XCBuildConfiguration;
			buildSettings = {
				BUNDLE_LOADER = "$(TEST_HOST)";
				CODE_SIGN_STYLE = Automatic;
				CURRENT_PROJECT_VERSION = 1;
				DEVELOPMENT_TEAM = C92C3V9HUW;
				GENERATE_INFOPLIST_FILE = YES;
				IPHONEOS_DEPLOYMENT_TARGET = 18.4;
				MARKETING_VERSION = 1.0;
				PRODUCT_BUNDLE_IDENTIFIER = com.Arthur.ScoopTestTests;
				PRODUCT_NAME = "$(TARGET_NAME)";
				SWIFT_EMIT_LOC_STRINGS = NO;
				SWIFT_VERSION = 5.0;
				TARGETED_DEVICE_FAMILY = "1,2";
				TEST_HOST = "$(BUILT_PRODUCTS_DIR)/ScoopTest.app/$(BUNDLE_EXECUTABLE_FOLDER_PATH)/ScoopTest";
			};
			name = Debug;
		};
		657838522DE773CE00770B49 /* Release */ = {
			isa = XCBuildConfiguration;
			buildSettings = {
				BUNDLE_LOADER = "$(TEST_HOST)";
				CODE_SIGN_STYLE = Automatic;
				CURRENT_PROJECT_VERSION = 1;
				DEVELOPMENT_TEAM = C92C3V9HUW;
				GENERATE_INFOPLIST_FILE = YES;
				IPHONEOS_DEPLOYMENT_TARGET = 18.4;
				MARKETING_VERSION = 1.0;
				PRODUCT_BUNDLE_IDENTIFIER = com.Arthur.ScoopTestTests;
				PRODUCT_NAME = "$(TARGET_NAME)";
				SWIFT_EMIT_LOC_STRINGS = NO;
				SWIFT_VERSION = 5.0;
				TARGETED_DEVICE_FAMILY = "1,2";
				TEST_HOST = "$(BUILT_PRODUCTS_DIR)/ScoopTest.app/$(BUNDLE_EXECUTABLE_FOLDER_PATH)/ScoopTest";
			};
			name = Release;
		};
		657838542DE773CE00770B49 /* Debug */ = {
			isa = XCBuildConfiguration;
			buildSettings = {
				CODE_SIGN_STYLE = Automatic;
				CURRENT_PROJECT_VERSION = 1;
				DEVELOPMENT_TEAM = C92C3V9HUW;
				GENERATE_INFOPLIST_FILE = YES;
				MARKETING_VERSION = 1.0;
				PRODUCT_BUNDLE_IDENTIFIER = com.Arthur.ScoopTestUITests;
				PRODUCT_NAME = "$(TARGET_NAME)";
				SWIFT_EMIT_LOC_STRINGS = NO;
				SWIFT_VERSION = 5.0;
				TARGETED_DEVICE_FAMILY = "1,2";
				TEST_TARGET_NAME = ScoopTest;
			};
			name = Debug;
		};
		657838552DE773CE00770B49 /* Release */ = {
			isa = XCBuildConfiguration;
			buildSettings = {
				CODE_SIGN_STYLE = Automatic;
				CURRENT_PROJECT_VERSION = 1;
				DEVELOPMENT_TEAM = C92C3V9HUW;
				GENERATE_INFOPLIST_FILE = YES;
				MARKETING_VERSION = 1.0;
				PRODUCT_BUNDLE_IDENTIFIER = com.Arthur.ScoopTestUITests;
				PRODUCT_NAME = "$(TARGET_NAME)";
				SWIFT_EMIT_LOC_STRINGS = NO;
				SWIFT_VERSION = 5.0;
				TARGETED_DEVICE_FAMILY = "1,2";
				TEST_TARGET_NAME = ScoopTest;
			};
			name = Release;
		};
/* End XCBuildConfiguration section */

/* Begin XCConfigurationList section */
		657838272DE773CC00770B49 /* Build configuration list for PBXProject "ScoopTest" */ = {
			isa = XCConfigurationList;
			buildConfigurations = (
				6578384B2DE773CE00770B49 /* Debug */,
				6578384C2DE773CE00770B49 /* Release */,
			);
			defaultConfigurationIsVisible = 0;
			defaultConfigurationName = Release;
		};
		6578384D2DE773CE00770B49 /* Build configuration list for PBXNativeTarget "ScoopTest" */ = {
			isa = XCConfigurationList;
			buildConfigurations = (
				6578384E2DE773CE00770B49 /* Debug */,
				6578384F2DE773CE00770B49 /* Release */,
			);
			defaultConfigurationIsVisible = 0;
			defaultConfigurationName = Release;
		};
		657838502DE773CE00770B49 /* Build configuration list for PBXNativeTarget "ScoopTestTests" */ = {
			isa = XCConfigurationList;
			buildConfigurations = (
				657838512DE773CE00770B49 /* Debug */,
				657838522DE773CE00770B49 /* Release */,
			);
			defaultConfigurationIsVisible = 0;
			defaultConfigurationName = Release;
		};
		657838532DE773CE00770B49 /* Build configuration list for PBXNativeTarget "ScoopTestUITests" */ = {
			isa = XCConfigurationList;
			buildConfigurations = (
				657838542DE773CE00770B49 /* Debug */,
				657838552DE773CE00770B49 /* Release */,
			);
			defaultConfigurationIsVisible = 0;
			defaultConfigurationName = Release;
		};
/* End XCConfigurationList section */

/* Begin XCRemoteSwiftPackageReference section */
		6508A0B82DF209B600312AFD /* XCRemoteSwiftPackageReference "swiftui-flow-layout" */ = {
			isa = XCRemoteSwiftPackageReference;
			repositoryURL = "https://github.com/globulus/swiftui-flow-layout";
			requirement = {
				kind = upToNextMajorVersion;
				minimumVersion = 1.0.5;
			};
		};
/* End XCRemoteSwiftPackageReference section */

/* Begin XCSwiftPackageProductDependency section */
		6508A0B92DF209B600312AFD /* SwiftUIFlowLayout */ = {
			isa = XCSwiftPackageProductDependency;
			package = 6508A0B82DF209B600312AFD /* XCRemoteSwiftPackageReference "swiftui-flow-layout" */;
			productName = SwiftUIFlowLayout;
		};
/* End XCSwiftPackageProductDependency section */
	};
	rootObject = 657838242DE773CC00770B49 /* Project object */;
}
