// !$*UTF8*$!
{
	archiveVersion = 1;
	classes = {
	};
	objectVersion = 77;
	objects = {

/* Begin PBXBuildFile section */
		6508A0BA2DF209B600312AFD /* SwiftUIFlowLayout in Frameworks */ = {isa = PBXBuildFile; productRef = 6508A0B92DF209B600312AFD /* SwiftUIFlowLayout */; };
		65376D7A2E05A7B50058D225 /* ColorMenu.swift in Sources */ = {isa = PBXBuildFile; fileRef = 65376D792E05A7AF0058D225 /* ColorMenu.swift */; };
		65376D882E0615BA0058D225 /* GoingOutView.swift in Sources */ = {isa = PBXBuildFile; fileRef = 65376D872E0615BA0058D225 /* GoingOutView.swift */; };
		65376D8A2E0625FD0058D225 /* LookingForView.swift in Sources */ = {isa = PBXBuildFile; fileRef = 65376D892E0625FD0058D225 /* LookingForView.swift */; };
		65376D8C2E071D530058D225 /* PromptViews.swift in Sources */ = {isa = PBXBuildFile; fileRef = 65376D8B2E071D530058D225 /* PromptViews.swift */; };
		65376E332E07651A0058D225 /* AddImageView.swift in Sources */ = {isa = PBXBuildFile; fileRef = 65376E322E07651A0058D225 /* AddImageView.swift */; };
		653770342E0862800058D225 /* IntroView.swift in Sources */ = {isa = PBXBuildFile; fileRef = 653770332E0862800058D225 /* IntroView.swift */; };
		6537704C2E0A0C6D0058D225 /* Prompts.swift in Sources */ = {isa = PBXBuildFile; fileRef = 6537704B2E0A0C6A0058D225 /* Prompts.swift */; };
		6537704E2E0A10DC0058D225 /* PromptResponseView.swift in Sources */ = {isa = PBXBuildFile; fileRef = 6537704D2E0A10DC0058D225 /* PromptResponseView.swift */; };
		653770502E0A15270058D225 /* InviteButton.swift in Sources */ = {isa = PBXBuildFile; fileRef = 6537704F2E0A15270058D225 /* InviteButton.swift */; };
		653770522E0A1E190058D225 /* ProfileDetailsView.swift in Sources */ = {isa = PBXBuildFile; fileRef = 653770512E0A1E190058D225 /* ProfileDetailsView.swift */; };
		653770582E0ABCCD0058D225 /* ActionButton2.swift in Sources */ = {isa = PBXBuildFile; fileRef = 653770572E0ABCCD0058D225 /* ActionButton2.swift */; };
		6537705F2E0AC2B70058D225 /* PopupTemplate.swift in Sources */ = {isa = PBXBuildFile; fileRef = 6537705C2E0AC2B70058D225 /* PopupTemplate.swift */; };
		653770602E0AC2B70058D225 /* InviteContainer.swift in Sources */ = {isa = PBXBuildFile; fileRef = 6537705D2E0AC2B70058D225 /* InviteContainer.swift */; };
		653770622E0ACA600058D225 /* SelectTypeView.swift in Sources */ = {isa = PBXBuildFile; fileRef = 653770612E0ACA600058D225 /* SelectTypeView.swift */; };
		6537706A2E0AD9AB0058D225 /* InviteTypeRowView.swift in Sources */ = {isa = PBXBuildFile; fileRef = 653770692E0AD9AB0058D225 /* InviteTypeRowView.swift */; };
		6537706E2E0B08DE0058D225 /* InviteAddMessageView.swift in Sources */ = {isa = PBXBuildFile; fileRef = 6537706D2E0B08DE0058D225 /* InviteAddMessageView.swift */; };
		653770702E0B276C0058D225 /* SelectTimeView.swift in Sources */ = {isa = PBXBuildFile; fileRef = 6537706F2E0B276C0058D225 /* SelectTimeView.swift */; };
		653BAF872E0B846600C1AB9E /* GoogleService-Info.plist in Resources */ = {isa = PBXBuildFile; fileRef = 653BAF862E0B846600C1AB9E /* GoogleService-Info.plist */; };
		653BAF8A2E0B860800C1AB9E /* FirebaseAnalytics in Frameworks */ = {isa = PBXBuildFile; productRef = 653BAF892E0B860800C1AB9E /* FirebaseAnalytics */; };
		653BAF8C2E0B860800C1AB9E /* FirebaseAuth in Frameworks */ = {isa = PBXBuildFile; productRef = 653BAF8B2E0B860800C1AB9E /* FirebaseAuth */; };
		653BAF8E2E0B860800C1AB9E /* FirebaseStorage in Frameworks */ = {isa = PBXBuildFile; productRef = 653BAF8D2E0B860800C1AB9E /* FirebaseStorage */; };
		653BAF902E0C0B3B00C1AB9E /* AuthenticationManager.swift in Sources */ = {isa = PBXBuildFile; fileRef = 653BAF8F2E0C0B3400C1AB9E /* AuthenticationManager.swift */; };
		653BAF9C2E0C465D00C1AB9E /* GiveEmailPage.swift in Sources */ = {isa = PBXBuildFile; fileRef = 653BAF9B2E0C465D00C1AB9E /* GiveEmailPage.swift */; };
		653BAF9E2E0C46DE00C1AB9E /* clickLinkPage.swift in Sources */ = {isa = PBXBuildFile; fileRef = 653BAF9D2E0C46DE00C1AB9E /* clickLinkPage.swift */; };
		653BAFA22E0C4C5700C1AB9E /* InviteTimeRowView.swift in Sources */ = {isa = PBXBuildFile; fileRef = 653BAFA12E0C4C5700C1AB9E /* InviteTimeRowView.swift */; };
		6561C8AC2E033EAF006A72DF /* OptionView.swift in Sources */ = {isa = PBXBuildFile; fileRef = 6561C8AB2E033EAF006A72DF /* OptionView.swift */; };
		6561C8B22E035BE2006A72DF /* AppState.swift in Sources */ = {isa = PBXBuildFile; fileRef = 6561C8B12E035BC6006A72DF /* AppState.swift */; };
		6561C8BA2E0441B0006A72DF /* Countries.swift in Sources */ = {isa = PBXBuildFile; fileRef = 6561C8B92E0441B0006A72DF /* Countries.swift */; };
		6561C8BC2E044208006A72DF /* Quotes.swift in Sources */ = {isa = PBXBuildFile; fileRef = 6561C8BB2E044206006A72DF /* Quotes.swift */; };
		6561C8C72E0444EC006A72DF /* FontMenu.swift in Sources */ = {isa = PBXBuildFile; fileRef = 6561C8BE2E0444EC006A72DF /* FontMenu.swift */; };
		6561C8C82E0444EC006A72DF /* ModernEra-Bold.ttf in Resources */ = {isa = PBXBuildFile; fileRef = 6561C8BF2E0444EC006A72DF /* ModernEra-Bold.ttf */; };
		6561C8C92E0444EC006A72DF /* ModernEra-Medium.ttf in Resources */ = {isa = PBXBuildFile; fileRef = 6561C8C02E0444EC006A72DF /* ModernEra-Medium.ttf */; };
		6561C8CA2E0444EC006A72DF /* ModernEra-MediumItalic.ttf in Resources */ = {isa = PBXBuildFile; fileRef = 6561C8C12E0444EC006A72DF /* ModernEra-MediumItalic.ttf */; };
		6561C8CB2E0444EC006A72DF /* ModernEra-Regular.ttf in Resources */ = {isa = PBXBuildFile; fileRef = 6561C8C22E0444EC006A72DF /* ModernEra-Regular.ttf */; };
		6561C8CC2E0444EC006A72DF /* NewYorkLarge-Bold.otf in Resources */ = {isa = PBXBuildFile; fileRef = 6561C8C32E0444EC006A72DF /* NewYorkLarge-Bold.otf */; };
		6561C8CD2E0444EC006A72DF /* NewYorkMedium-Medium.otf in Resources */ = {isa = PBXBuildFile; fileRef = 6561C8C42E0444EC006A72DF /* NewYorkMedium-Medium.otf */; };
		6561C8CE2E0444EC006A72DF /* NewYorkMedium-Semibold.otf in Resources */ = {isa = PBXBuildFile; fileRef = 6561C8C52E0444EC006A72DF /* NewYorkMedium-Semibold.otf */; };
		6561C8D82E045A44006A72DF /* CreateProfileContainer.swift in Sources */ = {isa = PBXBuildFile; fileRef = 6561C8D72E045A44006A72DF /* CreateProfileContainer.swift */; };
		656A99332E046BDD0004536B /* OptionsSelectionView.swift in Sources */ = {isa = PBXBuildFile; fileRef = 656A99322E046BDD0004536B /* OptionsSelectionView.swift */; };
		659497192E01DD4000880921 /* MeetContainer.swift in Sources */ = {isa = PBXBuildFile; fileRef = 659496FD2E01DD4000880921 /* MeetContainer.swift */; };
		6594971A2E01DD4000880921 /* AppContainer.swift in Sources */ = {isa = PBXBuildFile; fileRef = 659496FE2E01DD4000880921 /* AppContainer.swift */; };
		6594971B2E01DD4000880921 /* ProfileView.swift in Sources */ = {isa = PBXBuildFile; fileRef = 659496FF2E01DD4000880921 /* ProfileView.swift */; };
		6594971C2E01DD4000880921 /* TwoDailyProfilesView.swift in Sources */ = {isa = PBXBuildFile; fileRef = 659497002E01DD4000880921 /* TwoDailyProfilesView.swift */; };
		659497202E01DD4000880921 /* AddEmailView.swift in Sources */ = {isa = PBXBuildFile; fileRef = 659497072E01DD4000880921 /* AddEmailView.swift */; };
		659497222E01DD4000880921 /* LimitedAccessView.swift in Sources */ = {isa = PBXBuildFile; fileRef = 659497092E01DD4000880921 /* LimitedAccessView.swift */; };
		659497232E01DD4000880921 /* FacultyView.swift in Sources */ = {isa = PBXBuildFile; fileRef = 6594970A2E01DD4000880921 /* FacultyView.swift */; };
		659497252E01DD4000880921 /* HomeTownView.swift in Sources */ = {isa = PBXBuildFile; fileRef = 6594970C2E01DD4000880921 /* HomeTownView.swift */; };
		659497262E01DD4000880921 /* NationalityView.swift in Sources */ = {isa = PBXBuildFile; fileRef = 6594970D2E01DD4000880921 /* NationalityView.swift */; };
		659497272E01DD4000880921 /* OnboardingContainer.swift in Sources */ = {isa = PBXBuildFile; fileRef = 6594970E2E01DD4000880921 /* OnboardingContainer.swift */; };
		659497282E01DD4000880921 /* PassionsView.swift in Sources */ = {isa = PBXBuildFile; fileRef = 6594970F2E01DD4000880921 /* PassionsView.swift */; };
		6594972B2E01DD4000880921 /* SignUpView.swift in Sources */ = {isa = PBXBuildFile; fileRef = 659497122E01DD4000880921 /* SignUpView.swift */; };
		6594972C2E01DD4000880921 /* ScoopTestApp.swift in Sources */ = {isa = PBXBuildFile; fileRef = 659497172E01DD4000880921 /* ScoopTestApp.swift */; };
		659497332E01DD4000880921 /* Assets.xcassets in Resources */ = {isa = PBXBuildFile; fileRef = 659497152E01DD4000880921 /* Assets.xcassets */; };
		659497372E01E7C100880921 /* NextButton.swift in Sources */ = {isa = PBXBuildFile; fileRef = 659497362E01E7C100880921 /* NextButton.swift */; };
		65A8BEF02E02D6150054BD63 /* SignUpTitle.swift in Sources */ = {isa = PBXBuildFile; fileRef = 65A8BEEF2E02D6150054BD63 /* SignUpTitle.swift */; };
		65A8BEF22E02D96B0054BD63 /* InputTextfield.swift in Sources */ = {isa = PBXBuildFile; fileRef = 65A8BEF12E02D96B0054BD63 /* InputTextfield.swift */; };
		65A8BF9F2E02E0400054BD63 /* ActionButton.swift in Sources */ = {isa = PBXBuildFile; fileRef = 65A8BF9E2E02E0400054BD63 /* ActionButton.swift */; };
		65C8D1862E02CD94008B8A74 /* XButton.swift in Sources */ = {isa = PBXBuildFile; fileRef = 65C8D1852E02CD94008B8A74 /* XButton.swift */; };
/* End PBXBuildFile section */

/* Begin PBXContainerItemProxy section */
		6578383A2DE773CE00770B49 /* PBXContainerItemProxy */ = {
			isa = PBXContainerItemProxy;
			containerPortal = 657838242DE773CC00770B49 /* Project object */;
			proxyType = 1;
			remoteGlobalIDString = 6578382B2DE773CC00770B49;
			remoteInfo = ScoopTest;
		};
		657838442DE773CE00770B49 /* PBXContainerItemProxy */ = {
			isa = PBXContainerItemProxy;
			containerPortal = 657838242DE773CC00770B49 /* Project object */;
			proxyType = 1;
			remoteGlobalIDString = 6578382B2DE773CC00770B49;
			remoteInfo = ScoopTest;
		};
/* End PBXContainerItemProxy section */

/* Begin PBXFileReference section */
		65376D792E05A7AF0058D225 /* ColorMenu.swift */ = {isa = PBXFileReference; lastKnownFileType = sourcecode.swift; path = ColorMenu.swift; sourceTree = "<group>"; };
		65376D872E0615BA0058D225 /* GoingOutView.swift */ = {isa = PBXFileReference; lastKnownFileType = sourcecode.swift; path = GoingOutView.swift; sourceTree = "<group>"; };
		65376D892E0625FD0058D225 /* LookingForView.swift */ = {isa = PBXFileReference; lastKnownFileType = sourcecode.swift; path = LookingForView.swift; sourceTree = "<group>"; };
		65376D8B2E071D530058D225 /* PromptViews.swift */ = {isa = PBXFileReference; lastKnownFileType = sourcecode.swift; path = PromptViews.swift; sourceTree = "<group>"; };
		65376E322E07651A0058D225 /* AddImageView.swift */ = {isa = PBXFileReference; lastKnownFileType = sourcecode.swift; path = AddImageView.swift; sourceTree = "<group>"; };
		653770332E0862800058D225 /* IntroView.swift */ = {isa = PBXFileReference; lastKnownFileType = sourcecode.swift; path = IntroView.swift; sourceTree = "<group>"; };
		6537704B2E0A0C6A0058D225 /* Prompts.swift */ = {isa = PBXFileReference; lastKnownFileType = sourcecode.swift; path = Prompts.swift; sourceTree = "<group>"; };
		6537704D2E0A10DC0058D225 /* PromptResponseView.swift */ = {isa = PBXFileReference; lastKnownFileType = sourcecode.swift; path = PromptResponseView.swift; sourceTree = "<group>"; };
		6537704F2E0A15270058D225 /* InviteButton.swift */ = {isa = PBXFileReference; lastKnownFileType = sourcecode.swift; path = InviteButton.swift; sourceTree = "<group>"; };
		653770512E0A1E190058D225 /* ProfileDetailsView.swift */ = {isa = PBXFileReference; lastKnownFileType = sourcecode.swift; path = ProfileDetailsView.swift; sourceTree = "<group>"; };
		653770572E0ABCCD0058D225 /* ActionButton2.swift */ = {isa = PBXFileReference; lastKnownFileType = sourcecode.swift; path = ActionButton2.swift; sourceTree = "<group>"; };
		6537705C2E0AC2B70058D225 /* PopupTemplate.swift */ = {isa = PBXFileReference; lastKnownFileType = sourcecode.swift; path = PopupTemplate.swift; sourceTree = "<group>"; };
		6537705D2E0AC2B70058D225 /* InviteContainer.swift */ = {isa = PBXFileReference; lastKnownFileType = sourcecode.swift; path = InviteContainer.swift; sourceTree = "<group>"; };
		653770612E0ACA600058D225 /* SelectTypeView.swift */ = {isa = PBXFileReference; lastKnownFileType = sourcecode.swift; path = SelectTypeView.swift; sourceTree = "<group>"; };
		653770692E0AD9AB0058D225 /* InviteTypeRowView.swift */ = {isa = PBXFileReference; lastKnownFileType = sourcecode.swift; path = InviteTypeRowView.swift; sourceTree = "<group>"; };
		6537706D2E0B08DE0058D225 /* InviteAddMessageView.swift */ = {isa = PBXFileReference; lastKnownFileType = sourcecode.swift; path = InviteAddMessageView.swift; sourceTree = "<group>"; };
		6537706F2E0B276C0058D225 /* SelectTimeView.swift */ = {isa = PBXFileReference; lastKnownFileType = sourcecode.swift; path = SelectTimeView.swift; sourceTree = "<group>"; };
		653BAF862E0B846600C1AB9E /* GoogleService-Info.plist */ = {isa = PBXFileReference; lastKnownFileType = text.plist.xml; path = "GoogleService-Info.plist"; sourceTree = "<group>"; };
		653BAF8F2E0C0B3400C1AB9E /* AuthenticationManager.swift */ = {isa = PBXFileReference; lastKnownFileType = sourcecode.swift; path = AuthenticationManager.swift; sourceTree = "<group>"; };
		653BAF9B2E0C465D00C1AB9E /* GiveEmailPage.swift */ = {isa = PBXFileReference; lastKnownFileType = sourcecode.swift; path = GiveEmailPage.swift; sourceTree = "<group>"; };
		653BAF9D2E0C46DE00C1AB9E /* clickLinkPage.swift */ = {isa = PBXFileReference; lastKnownFileType = sourcecode.swift; path = clickLinkPage.swift; sourceTree = "<group>"; };
		653BAFA12E0C4C5700C1AB9E /* InviteTimeRowView.swift */ = {isa = PBXFileReference; lastKnownFileType = sourcecode.swift; path = InviteTimeRowView.swift; sourceTree = "<group>"; };
		6561C8AB2E033EAF006A72DF /* OptionView.swift */ = {isa = PBXFileReference; lastKnownFileType = sourcecode.swift; path = OptionView.swift; sourceTree = "<group>"; };
		6561C8B12E035BC6006A72DF /* AppState.swift */ = {isa = PBXFileReference; lastKnownFileType = sourcecode.swift; path = AppState.swift; sourceTree = "<group>"; };
		6561C8B92E0441B0006A72DF /* Countries.swift */ = {isa = PBXFileReference; lastKnownFileType = sourcecode.swift; path = Countries.swift; sourceTree = "<group>"; };
		6561C8BB2E044206006A72DF /* Quotes.swift */ = {isa = PBXFileReference; lastKnownFileType = sourcecode.swift; path = Quotes.swift; sourceTree = "<group>"; };
		6561C8BE2E0444EC006A72DF /* FontMenu.swift */ = {isa = PBXFileReference; lastKnownFileType = sourcecode.swift; path = FontMenu.swift; sourceTree = "<group>"; };
		6561C8BF2E0444EC006A72DF /* ModernEra-Bold.ttf */ = {isa = PBXFileReference; lastKnownFileType = file; path = "ModernEra-Bold.ttf"; sourceTree = "<group>"; };
		6561C8C02E0444EC006A72DF /* ModernEra-Medium.ttf */ = {isa = PBXFileReference; lastKnownFileType = file; path = "ModernEra-Medium.ttf"; sourceTree = "<group>"; };
		6561C8C12E0444EC006A72DF /* ModernEra-MediumItalic.ttf */ = {isa = PBXFileReference; lastKnownFileType = file; path = "ModernEra-MediumItalic.ttf"; sourceTree = "<group>"; };
		6561C8C22E0444EC006A72DF /* ModernEra-Regular.ttf */ = {isa = PBXFileReference; lastKnownFileType = file; path = "ModernEra-Regular.ttf"; sourceTree = "<group>"; };
		6561C8C32E0444EC006A72DF /* NewYorkLarge-Bold.otf */ = {isa = PBXFileReference; lastKnownFileType = file; path = "NewYorkLarge-Bold.otf"; sourceTree = "<group>"; };
		6561C8C42E0444EC006A72DF /* NewYorkMedium-Medium.otf */ = {isa = PBXFileReference; lastKnownFileType = file; path = "NewYorkMedium-Medium.otf"; sourceTree = "<group>"; };
		6561C8C52E0444EC006A72DF /* NewYorkMedium-Semibold.otf */ = {isa = PBXFileReference; lastKnownFileType = file; path = "NewYorkMedium-Semibold.otf"; sourceTree = "<group>"; };
		6561C8D72E045A44006A72DF /* CreateProfileContainer.swift */ = {isa = PBXFileReference; lastKnownFileType = sourcecode.swift; path = CreateProfileContainer.swift; sourceTree = "<group>"; };
		656A99322E046BDD0004536B /* OptionsSelectionView.swift */ = {isa = PBXFileReference; lastKnownFileType = sourcecode.swift; path = OptionsSelectionView.swift; sourceTree = "<group>"; };
		6578382C2DE773CC00770B49 /* ScoopTest.app */ = {isa = PBXFileReference; explicitFileType = wrapper.application; includeInIndex = 0; path = ScoopTest.app; sourceTree = BUILT_PRODUCTS_DIR; };
		657838392DE773CE00770B49 /* ScoopTestTests.xctest */ = {isa = PBXFileReference; explicitFileType = wrapper.cfbundle; includeInIndex = 0; path = ScoopTestTests.xctest; sourceTree = BUILT_PRODUCTS_DIR; };
		657838432DE773CE00770B49 /* ScoopTestUITests.xctest */ = {isa = PBXFileReference; explicitFileType = wrapper.cfbundle; includeInIndex = 0; path = ScoopTestUITests.xctest; sourceTree = BUILT_PRODUCTS_DIR; };
		659496FD2E01DD4000880921 /* MeetContainer.swift */ = {isa = PBXFileReference; lastKnownFileType = sourcecode.swift; path = MeetContainer.swift; sourceTree = "<group>"; };
		659496FE2E01DD4000880921 /* AppContainer.swift */ = {isa = PBXFileReference; lastKnownFileType = sourcecode.swift; path = AppContainer.swift; sourceTree = "<group>"; };
		659496FF2E01DD4000880921 /* ProfileView.swift */ = {isa = PBXFileReference; lastKnownFileType = sourcecode.swift; path = ProfileView.swift; sourceTree = "<group>"; };
		659497002E01DD4000880921 /* TwoDailyProfilesView.swift */ = {isa = PBXFileReference; lastKnownFileType = sourcecode.swift; path = TwoDailyProfilesView.swift; sourceTree = "<group>"; };
		659497072E01DD4000880921 /* AddEmailView.swift */ = {isa = PBXFileReference; lastKnownFileType = sourcecode.swift; path = AddEmailView.swift; sourceTree = "<group>"; };
		659497092E01DD4000880921 /* LimitedAccessView.swift */ = {isa = PBXFileReference; lastKnownFileType = sourcecode.swift; path = LimitedAccessView.swift; sourceTree = "<group>"; };
		6594970A2E01DD4000880921 /* FacultyView.swift */ = {isa = PBXFileReference; lastKnownFileType = sourcecode.swift; path = FacultyView.swift; sourceTree = "<group>"; };
		6594970C2E01DD4000880921 /* HomeTownView.swift */ = {isa = PBXFileReference; lastKnownFileType = sourcecode.swift; path = HomeTownView.swift; sourceTree = "<group>"; };
		6594970D2E01DD4000880921 /* NationalityView.swift */ = {isa = PBXFileReference; lastKnownFileType = sourcecode.swift; path = NationalityView.swift; sourceTree = "<group>"; };
		6594970E2E01DD4000880921 /* OnboardingContainer.swift */ = {isa = PBXFileReference; lastKnownFileType = sourcecode.swift; path = OnboardingContainer.swift; sourceTree = "<group>"; };
		6594970F2E01DD4000880921 /* PassionsView.swift */ = {isa = PBXFileReference; lastKnownFileType = sourcecode.swift; path = PassionsView.swift; sourceTree = "<group>"; };
		659497122E01DD4000880921 /* SignUpView.swift */ = {isa = PBXFileReference; lastKnownFileType = sourcecode.swift; path = SignUpView.swift; sourceTree = "<group>"; };
		659497152E01DD4000880921 /* Assets.xcassets */ = {isa = PBXFileReference; lastKnownFileType = folder.assetcatalog; path = Assets.xcassets; sourceTree = "<group>"; };
		659497162E01DD4000880921 /* Info.plist */ = {isa = PBXFileReference; lastKnownFileType = text.plist.xml; path = Info.plist; sourceTree = "<group>"; };
		659497172E01DD4000880921 /* ScoopTestApp.swift */ = {isa = PBXFileReference; lastKnownFileType = sourcecode.swift; path = ScoopTestApp.swift; sourceTree = "<group>"; };
		659497362E01E7C100880921 /* NextButton.swift */ = {isa = PBXFileReference; lastKnownFileType = sourcecode.swift; path = NextButton.swift; sourceTree = "<group>"; };
		65A8BEEF2E02D6150054BD63 /* SignUpTitle.swift */ = {isa = PBXFileReference; lastKnownFileType = sourcecode.swift; path = SignUpTitle.swift; sourceTree = "<group>"; };
		65A8BEF12E02D96B0054BD63 /* InputTextfield.swift */ = {isa = PBXFileReference; lastKnownFileType = sourcecode.swift; path = InputTextfield.swift; sourceTree = "<group>"; };
		65A8BF9E2E02E0400054BD63 /* ActionButton.swift */ = {isa = PBXFileReference; lastKnownFileType = sourcecode.swift; path = ActionButton.swift; sourceTree = "<group>"; };
		65C8D1852E02CD94008B8A74 /* XButton.swift */ = {isa = PBXFileReference; lastKnownFileType = sourcecode.swift; path = XButton.swift; sourceTree = "<group>"; };
/* End PBXFileReference section */

/* Begin PBXFileSystemSynchronizedRootGroup section */
		6578383C2DE773CE00770B49 /* ScoopTestTests */ = {
			isa = PBXFileSystemSynchronizedRootGroup;
			path = ScoopTestTests;
			sourceTree = "<group>";
		};
		657838462DE773CE00770B49 /* ScoopTestUITests */ = {
			isa = PBXFileSystemSynchronizedRootGroup;
			path = ScoopTestUITests;
			sourceTree = "<group>";
		};
/* End PBXFileSystemSynchronizedRootGroup section */

/* Begin PBXFrameworksBuildPhase section */
		657838292DE773CC00770B49 /* Frameworks */ = {
			isa = PBXFrameworksBuildPhase;
			buildActionMask = 2147483647;
			files = (
				653BAF8A2E0B860800C1AB9E /* FirebaseAnalytics in Frameworks */,
				653BAF8E2E0B860800C1AB9E /* FirebaseStorage in Frameworks */,
				653BAF8C2E0B860800C1AB9E /* FirebaseAuth in Frameworks */,
				6508A0BA2DF209B600312AFD /* SwiftUIFlowLayout in Frameworks */,
			);
			runOnlyForDeploymentPostprocessing = 0;
		};
		657838362DE773CE00770B49 /* Frameworks */ = {
			isa = PBXFrameworksBuildPhase;
			buildActionMask = 2147483647;
			files = (
			);
			runOnlyForDeploymentPostprocessing = 0;
		};
		657838402DE773CE00770B49 /* Frameworks */ = {
			isa = PBXFrameworksBuildPhase;
			buildActionMask = 2147483647;
			files = (
			);
			runOnlyForDeploymentPostprocessing = 0;
		};
/* End PBXFrameworksBuildPhase section */

/* Begin PBXGroup section */
		653770542E0A1E710058D225 /* ProfileView */ = {
			isa = PBXGroup;
			children = (
			);
			path = ProfileView;
			sourceTree = "<group>";
		};
		6537705E2E0AC2B70058D225 /* Meet */ = {
			isa = PBXGroup;
			children = (
				653770662E0AD4EA0058D225 /* Views */,
				653770652E0AD4E20058D225 /* ViewModels */,
				653770642E0AD4DF0058D225 /* Models */,
			);
			path = Meet;
			sourceTree = "<group>";
		};
		653770642E0AD4DF0058D225 /* Models */ = {
			isa = PBXGroup;
			children = (
			);
			path = Models;
			sourceTree = "<group>";
		};
		653770652E0AD4E20058D225 /* ViewModels */ = {
			isa = PBXGroup;
			children = (
			);
			path = ViewModels;
			sourceTree = "<group>";
		};
		653770662E0AD4EA0058D225 /* Views */ = {
			isa = PBXGroup;
			children = (
				6537705D2E0AC2B70058D225 /* InviteContainer.swift */,
				6537705C2E0AC2B70058D225 /* PopupTemplate.swift */,
				653770692E0AD9AB0058D225 /* InviteTypeRowView.swift */,
				653BAFA12E0C4C5700C1AB9E /* InviteTimeRowView.swift */,
				653770612E0ACA600058D225 /* SelectTypeView.swift */,
				6537706D2E0B08DE0058D225 /* InviteAddMessageView.swift */,
				6537706F2E0B276C0058D225 /* SelectTimeView.swift */,
			);
			path = Views;
			sourceTree = "<group>";
		};
		653BAF9A2E0C463F00C1AB9E /* Testing Firebase */ = {
			isa = PBXGroup;
			children = (
				653BAF9B2E0C465D00C1AB9E /* GiveEmailPage.swift */,
				653BAF9D2E0C46DE00C1AB9E /* clickLinkPage.swift */,
			);
			path = "Testing Firebase";
			sourceTree = "<group>";
		};
		6561C8C62E0444EC006A72DF /* Fonts */ = {
			isa = PBXGroup;
			children = (
				6561C8BE2E0444EC006A72DF /* FontMenu.swift */,
				6561C8BF2E0444EC006A72DF /* ModernEra-Bold.ttf */,
				6561C8C02E0444EC006A72DF /* ModernEra-Medium.ttf */,
				6561C8C12E0444EC006A72DF /* ModernEra-MediumItalic.ttf */,
				6561C8C22E0444EC006A72DF /* ModernEra-Regular.ttf */,
				6561C8C32E0444EC006A72DF /* NewYorkLarge-Bold.otf */,
				6561C8C42E0444EC006A72DF /* NewYorkMedium-Medium.otf */,
				6561C8C52E0444EC006A72DF /* NewYorkMedium-Semibold.otf */,
			);
			path = Fonts;
			sourceTree = "<group>";
		};
		6561C8D12E044638006A72DF /* Meet */ = {
			isa = PBXGroup;
			children = (
				659496FD2E01DD4000880921 /* MeetContainer.swift */,
				653770332E0862800058D225 /* IntroView.swift */,
				659497002E01DD4000880921 /* TwoDailyProfilesView.swift */,
				659496FF2E01DD4000880921 /* ProfileView.swift */,
				653770542E0A1E710058D225 /* ProfileView */,
				6537704D2E0A10DC0058D225 /* PromptResponseView.swift */,
				6537704F2E0A15270058D225 /* InviteButton.swift */,
				653770512E0A1E190058D225 /* ProfileDetailsView.swift */,
				6537705E2E0AC2B70058D225 /* Meet */,
			);
			path = Meet;
			sourceTree = "<group>";
		};
		6561C8D22E04464C006A72DF /* Events */ = {
			isa = PBXGroup;
			children = (
			);
			path = Events;
			sourceTree = "<group>";
		};
		6561C8D32E04465A006A72DF /* Matches */ = {
			isa = PBXGroup;
			children = (
			);
			path = Matches;
			sourceTree = "<group>";
		};
		6561C8D52E04587D006A72DF /* A) Create Account */ = {
			isa = PBXGroup;
			children = (
				6594970E2E01DD4000880921 /* OnboardingContainer.swift */,
				659497072E01DD4000880921 /* AddEmailView.swift */,
				653BAF8F2E0C0B3400C1AB9E /* AuthenticationManager.swift */,
				656A99322E046BDD0004536B /* OptionsSelectionView.swift */,
				6594970D2E01DD4000880921 /* NationalityView.swift */,
				6594970A2E01DD4000880921 /* FacultyView.swift */,
				6594970C2E01DD4000880921 /* HomeTownView.swift */,
			);
			path = "A) Create Account";
			sourceTree = "<group>";
		};
		6561C8D62E045881006A72DF /* B) Create Profile */ = {
			isa = PBXGroup;
			children = (
				6561C8D72E045A44006A72DF /* CreateProfileContainer.swift */,
				65376D872E0615BA0058D225 /* GoingOutView.swift */,
				65376D892E0625FD0058D225 /* LookingForView.swift */,
				6594970F2E01DD4000880921 /* PassionsView.swift */,
				65376D8B2E071D530058D225 /* PromptViews.swift */,
				65376E322E07651A0058D225 /* AddImageView.swift */,
			);
			path = "B) Create Profile";
			sourceTree = "<group>";
		};
		657838232DE773CC00770B49 = {
			isa = PBXGroup;
			children = (
				659497182E01DD4000880921 /* ScoopTest */,
				6578383C2DE773CE00770B49 /* ScoopTestTests */,
				657838462DE773CE00770B49 /* ScoopTestUITests */,
				6578382D2DE773CC00770B49 /* Products */,
			);
			sourceTree = "<group>";
		};
		6578382D2DE773CC00770B49 /* Products */ = {
			isa = PBXGroup;
			children = (
				6578382C2DE773CC00770B49 /* ScoopTest.app */,
				657838392DE773CE00770B49 /* ScoopTestTests.xctest */,
				657838432DE773CE00770B49 /* ScoopTestUITests.xctest */,
			);
			name = Products;
			sourceTree = "<group>";
		};
		659496FC2E01DD4000880921 /* Resources */ = {
			isa = PBXGroup;
			children = (
				65376D792E05A7AF0058D225 /* ColorMenu.swift */,
				6561C8C62E0444EC006A72DF /* Fonts */,
			);
			path = Resources;
			sourceTree = "<group>";
		};
		659497012E01DD4000880921 /* 2) MainApp */ = {
			isa = PBXGroup;
			children = (
				659496FE2E01DD4000880921 /* AppContainer.swift */,
				6561C8D12E044638006A72DF /* Meet */,
				6561C8D22E04464C006A72DF /* Events */,
				6561C8D32E04465A006A72DF /* Matches */,
				659497352E01E76700880921 /* Components */,
			);
			path = "2) MainApp";
			sourceTree = "<group>";
		};
		659497042E01DD4000880921 /* Models */ = {
			isa = PBXGroup;
			children = (
				6561C8B92E0441B0006A72DF /* Countries.swift */,
				6561C8BB2E044206006A72DF /* Quotes.swift */,
				6537704B2E0A0C6A0058D225 /* Prompts.swift */,
			);
			path = Models;
			sourceTree = "<group>";
		};
		659497142E01DD4000880921 /* 1) Onboarding */ = {
			isa = PBXGroup;
			children = (
				659497122E01DD4000880921 /* SignUpView.swift */,
				659497092E01DD4000880921 /* LimitedAccessView.swift */,
				6561C8D52E04587D006A72DF /* A) Create Account */,
				6561C8D62E045881006A72DF /* B) Create Profile */,
			);
			path = "1) Onboarding";
			sourceTree = "<group>";
		};
		659497182E01DD4000880921 /* ScoopTest */ = {
			isa = PBXGroup;
			children = (
				653BAF862E0B846600C1AB9E /* GoogleService-Info.plist */,
				6561C8B12E035BC6006A72DF /* AppState.swift */,
				659497172E01DD4000880921 /* ScoopTestApp.swift */,
				653BAF9A2E0C463F00C1AB9E /* Testing Firebase */,
				659497042E01DD4000880921 /* Models */,
				659497142E01DD4000880921 /* 1) Onboarding */,
				659497012E01DD4000880921 /* 2) MainApp */,
				659496FC2E01DD4000880921 /* Resources */,
				659497152E01DD4000880921 /* Assets.xcassets */,
				659497162E01DD4000880921 /* Info.plist */,
			);
			path = ScoopTest;
			sourceTree = "<group>";
		};
		659497352E01E76700880921 /* Components */ = {
			isa = PBXGroup;
			children = (
				65A8BFA02E02E06D0054BD63 /* SignUpComponents */,
				65C8D1852E02CD94008B8A74 /* XButton.swift */,
				65A8BEF12E02D96B0054BD63 /* InputTextfield.swift */,
				6561C8AB2E033EAF006A72DF /* OptionView.swift */,
				65A8BF9E2E02E0400054BD63 /* ActionButton.swift */,
				653770572E0ABCCD0058D225 /* ActionButton2.swift */,
			);
			path = Components;
			sourceTree = "<group>";
		};
		65A8BFA02E02E06D0054BD63 /* SignUpComponents */ = {
			isa = PBXGroup;
			children = (
				659497362E01E7C100880921 /* NextButton.swift */,
				65A8BEEF2E02D6150054BD63 /* SignUpTitle.swift */,
			);
			path = SignUpComponents;
			sourceTree = "<group>";
		};
/* End PBXGroup section */

/* Begin PBXNativeTarget section */
		6578382B2DE773CC00770B49 /* ScoopTest */ = {
			isa = PBXNativeTarget;
			buildConfigurationList = 6578384D2DE773CE00770B49 /* Build configuration list for PBXNativeTarget "ScoopTest" */;
			buildPhases = (
				657838282DE773CC00770B49 /* Sources */,
				657838292DE773CC00770B49 /* Frameworks */,
				6578382A2DE773CC00770B49 /* Resources */,
			);
			buildRules = (
			);
			dependencies = (
			);
			name = ScoopTest;
			packageProductDependencies = (
				6508A0B92DF209B600312AFD /* SwiftUIFlowLayout */,
				653BAF892E0B860800C1AB9E /* FirebaseAnalytics */,
				653BAF8B2E0B860800C1AB9E /* FirebaseAuth */,
				653BAF8D2E0B860800C1AB9E /* FirebaseStorage */,
			);
			productName = ScoopTest;
			productReference = 6578382C2DE773CC00770B49 /* ScoopTest.app */;
			productType = "com.apple.product-type.application";
		};
		657838382DE773CE00770B49 /* ScoopTestTests */ = {
			isa = PBXNativeTarget;
			buildConfigurationList = 657838502DE773CE00770B49 /* Build configuration list for PBXNativeTarget "ScoopTestTests" */;
			buildPhases = (
				657838352DE773CE00770B49 /* Sources */,
				657838362DE773CE00770B49 /* Frameworks */,
				657838372DE773CE00770B49 /* Resources */,
			);
			buildRules = (
			);
			dependencies = (
				6578383B2DE773CE00770B49 /* PBXTargetDependency */,
			);
			fileSystemSynchronizedGroups = (
				6578383C2DE773CE00770B49 /* ScoopTestTests */,
			);
			name = ScoopTestTests;
			packageProductDependencies = (
			);
			productName = ScoopTestTests;
			productReference = 657838392DE773CE00770B49 /* ScoopTestTests.xctest */;
			productType = "com.apple.product-type.bundle.unit-test";
		};
		657838422DE773CE00770B49 /* ScoopTestUITests */ = {
			isa = PBXNativeTarget;
			buildConfigurationList = 657838532DE773CE00770B49 /* Build configuration list for PBXNativeTarget "ScoopTestUITests" */;
			buildPhases = (
				6578383F2DE773CE00770B49 /* Sources */,
				657838402DE773CE00770B49 /* Frameworks */,
				657838412DE773CE00770B49 /* Resources */,
			);
			buildRules = (
			);
			dependencies = (
				657838452DE773CE00770B49 /* PBXTargetDependency */,
			);
			fileSystemSynchronizedGroups = (
				657838462DE773CE00770B49 /* ScoopTestUITests */,
			);
			name = ScoopTestUITests;
			packageProductDependencies = (
			);
			productName = ScoopTestUITests;
			productReference = 657838432DE773CE00770B49 /* ScoopTestUITests.xctest */;
			productType = "com.apple.product-type.bundle.ui-testing";
		};
/* End PBXNativeTarget section */

/* Begin PBXProject section */
		657838242DE773CC00770B49 /* Project object */ = {
			isa = PBXProject;
			attributes = {
				BuildIndependentTargetsInParallel = 1;
				LastSwiftUpdateCheck = 1630;
				LastUpgradeCheck = 1630;
				TargetAttributes = {
					6578382B2DE773CC00770B49 = {
						CreatedOnToolsVersion = 16.3;
					};
					657838382DE773CE00770B49 = {
						CreatedOnToolsVersion = 16.3;
						TestTargetID = 6578382B2DE773CC00770B49;
					};
					657838422DE773CE00770B49 = {
						CreatedOnToolsVersion = 16.3;
						TestTargetID = 6578382B2DE773CC00770B49;
					};
				};
			};
			buildConfigurationList = 657838272DE773CC00770B49 /* Build configuration list for PBXProject "ScoopTest" */;
			developmentRegion = en;
			hasScannedForEncodings = 0;
			knownRegions = (
				en,
				Base,
			);
			mainGroup = 657838232DE773CC00770B49;
			minimizedProjectReferenceProxies = 1;
			packageReferences = (
				6508A0B82DF209B600312AFD /* XCRemoteSwiftPackageReference "swiftui-flow-layout" */,
				653BAF882E0B860800C1AB9E /* XCRemoteSwiftPackageReference "firebase-ios-sdk" */,
			);
			preferredProjectObjectVersion = 77;
			productRefGroup = 6578382D2DE773CC00770B49 /* Products */;
			projectDirPath = "";
			projectRoot = "";
			targets = (
				6578382B2DE773CC00770B49 /* ScoopTest */,
				657838382DE773CE00770B49 /* ScoopTestTests */,
				657838422DE773CE00770B49 /* ScoopTestUITests */,
			);
		};
/* End PBXProject section */

/* Begin PBXResourcesBuildPhase section */
		6578382A2DE773CC00770B49 /* Resources */ = {
			isa = PBXResourcesBuildPhase;
			buildActionMask = 2147483647;
			files = (
				6561C8C82E0444EC006A72DF /* ModernEra-Bold.ttf in Resources */,
				6561C8C92E0444EC006A72DF /* ModernEra-Medium.ttf in Resources */,
				6561C8CA2E0444EC006A72DF /* ModernEra-MediumItalic.ttf in Resources */,
				6561C8CB2E0444EC006A72DF /* ModernEra-Regular.ttf in Resources */,
				653BAF872E0B846600C1AB9E /* GoogleService-Info.plist in Resources */,
				6561C8CC2E0444EC006A72DF /* NewYorkLarge-Bold.otf in Resources */,
				6561C8CD2E0444EC006A72DF /* NewYorkMedium-Medium.otf in Resources */,
				6561C8CE2E0444EC006A72DF /* NewYorkMedium-Semibold.otf in Resources */,
				659497332E01DD4000880921 /* Assets.xcassets in Resources */,
			);
			runOnlyForDeploymentPostprocessing = 0;
		};
		657838372DE773CE00770B49 /* Resources */ = {
			isa = PBXResourcesBuildPhase;
			buildActionMask = 2147483647;
			files = (
			);
			runOnlyForDeploymentPostprocessing = 0;
		};
		657838412DE773CE00770B49 /* Resources */ = {
			isa = PBXResourcesBuildPhase;
			buildActionMask = 2147483647;
			files = (
			);
			runOnlyForDeploymentPostprocessing = 0;
		};
/* End PBXResourcesBuildPhase section */

/* Begin PBXSourcesBuildPhase section */
		657838282DE773CC00770B49 /* Sources */ = {
			isa = PBXSourcesBuildPhase;
			buildActionMask = 2147483647;
			files = (
				65C8D1862E02CD94008B8A74 /* XButton.swift in Sources */,
				659497192E01DD4000880921 /* MeetContainer.swift in Sources */,
				653BAF9C2E0C465D00C1AB9E /* GiveEmailPage.swift in Sources */,
				6594971A2E01DD4000880921 /* AppContainer.swift in Sources */,
				65A8BF9F2E02E0400054BD63 /* ActionButton.swift in Sources */,
				6594971B2E01DD4000880921 /* ProfileView.swift in Sources */,
				6594971C2E01DD4000880921 /* TwoDailyProfilesView.swift in Sources */,
				6561C8AC2E033EAF006A72DF /* OptionView.swift in Sources */,
				659497372E01E7C100880921 /* NextButton.swift in Sources */,
				65A8BEF22E02D96B0054BD63 /* InputTextfield.swift in Sources */,
				653770622E0ACA600058D225 /* SelectTypeView.swift in Sources */,
				659497202E01DD4000880921 /* AddEmailView.swift in Sources */,
				653770502E0A15270058D225 /* InviteButton.swift in Sources */,
				653770522E0A1E190058D225 /* ProfileDetailsView.swift in Sources */,
				65A8BEF02E02D6150054BD63 /* SignUpTitle.swift in Sources */,
				65376D882E0615BA0058D225 /* GoingOutView.swift in Sources */,
				653770702E0B276C0058D225 /* SelectTimeView.swift in Sources */,
				6561C8BA2E0441B0006A72DF /* Countries.swift in Sources */,
				659497222E01DD4000880921 /* LimitedAccessView.swift in Sources */,
				653770582E0ABCCD0058D225 /* ActionButton2.swift in Sources */,
				6561C8C72E0444EC006A72DF /* FontMenu.swift in Sources */,
				659497232E01DD4000880921 /* FacultyView.swift in Sources */,
				653BAF902E0C0B3B00C1AB9E /* AuthenticationManager.swift in Sources */,
				65376D7A2E05A7B50058D225 /* ColorMenu.swift in Sources */,
				6537706E2E0B08DE0058D225 /* InviteAddMessageView.swift in Sources */,
				6561C8B22E035BE2006A72DF /* AppState.swift in Sources */,
				65376E332E07651A0058D225 /* AddImageView.swift in Sources */,
				6537705F2E0AC2B70058D225 /* PopupTemplate.swift in Sources */,
				653770602E0AC2B70058D225 /* InviteContainer.swift in Sources */,
				653BAF9E2E0C46DE00C1AB9E /* clickLinkPage.swift in Sources */,
				659497252E01DD4000880921 /* HomeTownView.swift in Sources */,
				653BAFA22E0C4C5700C1AB9E /* InviteTimeRowView.swift in Sources */,
				6561C8BC2E044208006A72DF /* Quotes.swift in Sources */,
				656A99332E046BDD0004536B /* OptionsSelectionView.swift in Sources */,
				659497262E01DD4000880921 /* NationalityView.swift in Sources */,
				65376D8C2E071D530058D225 /* PromptViews.swift in Sources */,
				653770342E0862800058D225 /* IntroView.swift in Sources */,
				659497272E01DD4000880921 /* OnboardingContainer.swift in Sources */,
				6537706A2E0AD9AB0058D225 /* InviteTypeRowView.swift in Sources */,
				659497282E01DD4000880921 /* PassionsView.swift in Sources */,
				6537704E2E0A10DC0058D225 /* PromptResponseView.swift in Sources */,
				65376D8A2E0625FD0058D225 /* LookingForView.swift in Sources */,
				6594972B2E01DD4000880921 /* SignUpView.swift in Sources */,
				6537704C2E0A0C6D0058D225 /* Prompts.swift in Sources */,
				6561C8D82E045A44006A72DF /* CreateProfileContainer.swift in Sources */,
				6594972C2E01DD4000880921 /* ScoopTestApp.swift in Sources */,
			);
			runOnlyForDeploymentPostprocessing = 0;
		};
		657838352DE773CE00770B49 /* Sources */ = {
			isa = PBXSourcesBuildPhase;
			buildActionMask = 2147483647;
			files = (
			);
			runOnlyForDeploymentPostprocessing = 0;
		};
		6578383F2DE773CE00770B49 /* Sources */ = {
			isa = PBXSourcesBuildPhase;
			buildActionMask = 2147483647;
			files = (
			);
			runOnlyForDeploymentPostprocessing = 0;
		};
/* End PBXSourcesBuildPhase section */

/* Begin PBXTargetDependency section */
		6578383B2DE773CE00770B49 /* PBXTargetDependency */ = {
			isa = PBXTargetDependency;
			target = 6578382B2DE773CC00770B49 /* ScoopTest */;
			targetProxy = 6578383A2DE773CE00770B49 /* PBXContainerItemProxy */;
		};
		657838452DE773CE00770B49 /* PBXTargetDependency */ = {
			isa = PBXTargetDependency;
			target = 6578382B2DE773CC00770B49 /* ScoopTest */;
			targetProxy = 657838442DE773CE00770B49 /* PBXContainerItemProxy */;
		};
/* End PBXTargetDependency section */

/* Begin XCBuildConfiguration section */
		6578384B2DE773CE00770B49 /* Debug */ = {
			isa = XCBuildConfiguration;
			buildSettings = {
				ALWAYS_SEARCH_USER_PATHS = NO;
				ASSETCATALOG_COMPILER_GENERATE_SWIFT_ASSET_SYMBOL_EXTENSIONS = YES;
				CLANG_ANALYZER_NONNULL = YES;
				CLANG_ANALYZER_NUMBER_OBJECT_CONVERSION = YES_AGGRESSIVE;
				CLANG_CXX_LANGUAGE_STANDARD = "gnu++20";
				CLANG_ENABLE_MODULES = YES;
				CLANG_ENABLE_OBJC_ARC = YES;
				CLANG_ENABLE_OBJC_WEAK = YES;
				CLANG_WARN_BLOCK_CAPTURE_AUTORELEASING = YES;
				CLANG_WARN_BOOL_CONVERSION = YES;
				CLANG_WARN_COMMA = YES;
				CLANG_WARN_CONSTANT_CONVERSION = YES;
				CLANG_WARN_DEPRECATED_OBJC_IMPLEMENTATIONS = YES;
				CLANG_WARN_DIRECT_OBJC_ISA_USAGE = YES_ERROR;
				CLANG_WARN_DOCUMENTATION_COMMENTS = YES;
				CLANG_WARN_EMPTY_BODY = YES;
				CLANG_WARN_ENUM_CONVERSION = YES;
				CLANG_WARN_INFINITE_RECURSION = YES;
				CLANG_WARN_INT_CONVERSION = YES;
				CLANG_WARN_NON_LITERAL_NULL_CONVERSION = YES;
				CLANG_WARN_OBJC_IMPLICIT_RETAIN_SELF = YES;
				CLANG_WARN_OBJC_LITERAL_CONVERSION = YES;
				CLANG_WARN_OBJC_ROOT_CLASS = YES_ERROR;
				CLANG_WARN_QUOTED_INCLUDE_IN_FRAMEWORK_HEADER = YES;
				CLANG_WARN_RANGE_LOOP_ANALYSIS = YES;
				CLANG_WARN_STRICT_PROTOTYPES = YES;
				CLANG_WARN_SUSPICIOUS_MOVE = YES;
				CLANG_WARN_UNGUARDED_AVAILABILITY = YES_AGGRESSIVE;
				CLANG_WARN_UNREACHABLE_CODE = YES;
				CLANG_WARN__DUPLICATE_METHOD_MATCH = YES;
				COPY_PHASE_STRIP = NO;
				DEBUG_INFORMATION_FORMAT = dwarf;
				DEVELOPMENT_TEAM = C92C3V9HUW;
				ENABLE_STRICT_OBJC_MSGSEND = YES;
				ENABLE_TESTABILITY = YES;
				ENABLE_USER_SCRIPT_SANDBOXING = YES;
				GCC_C_LANGUAGE_STANDARD = gnu17;
				GCC_DYNAMIC_NO_PIC = NO;
				GCC_NO_COMMON_BLOCKS = YES;
				GCC_OPTIMIZATION_LEVEL = 0;
				GCC_PREPROCESSOR_DEFINITIONS = (
					"DEBUG=1",
					"$(inherited)",
				);
				GCC_WARN_64_TO_32_BIT_CONVERSION = YES;
				GCC_WARN_ABOUT_RETURN_TYPE = YES_ERROR;
				GCC_WARN_UNDECLARED_SELECTOR = YES;
				GCC_WARN_UNINITIALIZED_AUTOS = YES_AGGRESSIVE;
				GCC_WARN_UNUSED_FUNCTION = YES;
				GCC_WARN_UNUSED_VARIABLE = YES;
				IPHONEOS_DEPLOYMENT_TARGET = 18.4;
				LOCALIZATION_PREFERS_STRING_CATALOGS = YES;
				MTL_ENABLE_DEBUG_INFO = INCLUDE_SOURCE;
				MTL_FAST_MATH = YES;
				ONLY_ACTIVE_ARCH = YES;
				SDKROOT = iphoneos;
				SWIFT_ACTIVE_COMPILATION_CONDITIONS = "DEBUG $(inherited)";
				SWIFT_OPTIMIZATION_LEVEL = "-Onone";
			};
			name = Debug;
		};
		6578384C2DE773CE00770B49 /* Release */ = {
			isa = XCBuildConfiguration;
			buildSettings = {
				ALWAYS_SEARCH_USER_PATHS = NO;
				ASSETCATALOG_COMPILER_GENERATE_SWIFT_ASSET_SYMBOL_EXTENSIONS = YES;
				CLANG_ANALYZER_NONNULL = YES;
				CLANG_ANALYZER_NUMBER_OBJECT_CONVERSION = YES_AGGRESSIVE;
				CLANG_CXX_LANGUAGE_STANDARD = "gnu++20";
				CLANG_ENABLE_MODULES = YES;
				CLANG_ENABLE_OBJC_ARC = YES;
				CLANG_ENABLE_OBJC_WEAK = YES;
				CLANG_WARN_BLOCK_CAPTURE_AUTORELEASING = YES;
				CLANG_WARN_BOOL_CONVERSION = YES;
				CLANG_WARN_COMMA = YES;
				CLANG_WARN_CONSTANT_CONVERSION = YES;
				CLANG_WARN_DEPRECATED_OBJC_IMPLEMENTATIONS = YES;
				CLANG_WARN_DIRECT_OBJC_ISA_USAGE = YES_ERROR;
				CLANG_WARN_DOCUMENTATION_COMMENTS = YES;
				CLANG_WARN_EMPTY_BODY = YES;
				CLANG_WARN_ENUM_CONVERSION = YES;
				CLANG_WARN_INFINITE_RECURSION = YES;
				CLANG_WARN_INT_CONVERSION = YES;
				CLANG_WARN_NON_LITERAL_NULL_CONVERSION = YES;
				CLANG_WARN_OBJC_IMPLICIT_RETAIN_SELF = YES;
				CLANG_WARN_OBJC_LITERAL_CONVERSION = YES;
				CLANG_WARN_OBJC_ROOT_CLASS = YES_ERROR;
				CLANG_WARN_QUOTED_INCLUDE_IN_FRAMEWORK_HEADER = YES;
				CLANG_WARN_RANGE_LOOP_ANALYSIS = YES;
				CLANG_WARN_STRICT_PROTOTYPES = YES;
				CLANG_WARN_SUSPICIOUS_MOVE = YES;
				CLANG_WARN_UNGUARDED_AVAILABILITY = YES_AGGRESSIVE;
				CLANG_WARN_UNREACHABLE_CODE = YES;
				CLANG_WARN__DUPLICATE_METHOD_MATCH = YES;
				COPY_PHASE_STRIP = NO;
				DEBUG_INFORMATION_FORMAT = "dwarf-with-dsym";
				DEVELOPMENT_TEAM = C92C3V9HUW;
				ENABLE_NS_ASSERTIONS = NO;
				ENABLE_STRICT_OBJC_MSGSEND = YES;
				ENABLE_USER_SCRIPT_SANDBOXING = YES;
				GCC_C_LANGUAGE_STANDARD = gnu17;
				GCC_NO_COMMON_BLOCKS = YES;
				GCC_WARN_64_TO_32_BIT_CONVERSION = YES;
				GCC_WARN_ABOUT_RETURN_TYPE = YES_ERROR;
				GCC_WARN_UNDECLARED_SELECTOR = YES;
				GCC_WARN_UNINITIALIZED_AUTOS = YES_AGGRESSIVE;
				GCC_WARN_UNUSED_FUNCTION = YES;
				GCC_WARN_UNUSED_VARIABLE = YES;
				IPHONEOS_DEPLOYMENT_TARGET = 18.4;
				LOCALIZATION_PREFERS_STRING_CATALOGS = YES;
				MTL_ENABLE_DEBUG_INFO = NO;
				MTL_FAST_MATH = YES;
				SDKROOT = iphoneos;
				SWIFT_COMPILATION_MODE = wholemodule;
				VALIDATE_PRODUCT = YES;
			};
			name = Release;
		};
		6578384E2DE773CE00770B49 /* Debug */ = {
			isa = XCBuildConfiguration;
			buildSettings = {
				ASSETCATALOG_COMPILER_APPICON_NAME = AppIcon;
				ASSETCATALOG_COMPILER_GLOBAL_ACCENT_COLOR_NAME = AccentColor;
				CODE_SIGN_STYLE = Automatic;
				CURRENT_PROJECT_VERSION = 1;
				DEVELOPMENT_TEAM = C92C3V9HUW;
				ENABLE_PREVIEWS = YES;
				GENERATE_INFOPLIST_FILE = YES;
				INFOPLIST_FILE = ScoopTest/Info.plist;
				INFOPLIST_KEY_UIApplicationSceneManifest_Generation = YES;
				INFOPLIST_KEY_UIApplicationSupportsIndirectInputEvents = YES;
				INFOPLIST_KEY_UILaunchScreen_Generation = YES;
				INFOPLIST_KEY_UISupportedInterfaceOrientations_iPad = "UIInterfaceOrientationPortrait UIInterfaceOrientationPortraitUpsideDown UIInterfaceOrientationLandscapeLeft UIInterfaceOrientationLandscapeRight";
				INFOPLIST_KEY_UISupportedInterfaceOrientations_iPhone = "UIInterfaceOrientationPortrait UIInterfaceOrientationLandscapeLeft UIInterfaceOrientationLandscapeRight";
				IPHONEOS_DEPLOYMENT_TARGET = 18.0;
				LD_RUNPATH_SEARCH_PATHS = (
					"$(inherited)",
					"@executable_path/Frameworks",
				);
				MARKETING_VERSION = 1.0;
				PRODUCT_BUNDLE_IDENTIFIER = com.Arthur.ScoopTest;
				PRODUCT_NAME = "$(TARGET_NAME)";
				SWIFT_EMIT_LOC_STRINGS = YES;
				SWIFT_VERSION = 5.0;
				TARGETED_DEVICE_FAMILY = "1,2";
			};
			name = Debug;
		};
		6578384F2DE773CE00770B49 /* Release */ = {
			isa = XCBuildConfiguration;
			buildSettings = {
				ASSETCATALOG_COMPILER_APPICON_NAME = AppIcon;
				ASSETCATALOG_COMPILER_GLOBAL_ACCENT_COLOR_NAME = AccentColor;
				CODE_SIGN_STYLE = Automatic;
				CURRENT_PROJECT_VERSION = 1;
				DEVELOPMENT_TEAM = C92C3V9HUW;
				ENABLE_PREVIEWS = YES;
				GENERATE_INFOPLIST_FILE = YES;
				INFOPLIST_FILE = ScoopTest/Info.plist;
				INFOPLIST_KEY_UIApplicationSceneManifest_Generation = YES;
				INFOPLIST_KEY_UIApplicationSupportsIndirectInputEvents = YES;
				INFOPLIST_KEY_UILaunchScreen_Generation = YES;
				INFOPLIST_KEY_UISupportedInterfaceOrientations_iPad = "UIInterfaceOrientationPortrait UIInterfaceOrientationPortraitUpsideDown UIInterfaceOrientationLandscapeLeft UIInterfaceOrientationLandscapeRight";
				INFOPLIST_KEY_UISupportedInterfaceOrientations_iPhone = "UIInterfaceOrientationPortrait UIInterfaceOrientationLandscapeLeft UIInterfaceOrientationLandscapeRight";
				IPHONEOS_DEPLOYMENT_TARGET = 18.0;
				LD_RUNPATH_SEARCH_PATHS = (
					"$(inherited)",
					"@executable_path/Frameworks",
				);
				MARKETING_VERSION = 1.0;
				PRODUCT_BUNDLE_IDENTIFIER = com.Arthur.ScoopTest;
				PRODUCT_NAME = "$(TARGET_NAME)";
				SWIFT_EMIT_LOC_STRINGS = YES;
				SWIFT_VERSION = 5.0;
				TARGETED_DEVICE_FAMILY = "1,2";
			};
			name = Release;
		};
		657838512DE773CE00770B49 /* Debug */ = {
			isa = XCBuildConfiguration;
			buildSettings = {
				BUNDLE_LOADER = "$(TEST_HOST)";
				CODE_SIGN_STYLE = Automatic;
				CURRENT_PROJECT_VERSION = 1;
				DEVELOPMENT_TEAM = C92C3V9HUW;
				GENERATE_INFOPLIST_FILE = YES;
				IPHONEOS_DEPLOYMENT_TARGET = 18.4;
				MARKETING_VERSION = 1.0;
				PRODUCT_BUNDLE_IDENTIFIER = com.Arthur.ScoopTestTests;
				PRODUCT_NAME = "$(TARGET_NAME)";
				SWIFT_EMIT_LOC_STRINGS = NO;
				SWIFT_VERSION = 5.0;
				TARGETED_DEVICE_FAMILY = "1,2";
				TEST_HOST = "$(BUILT_PRODUCTS_DIR)/ScoopTest.app/$(BUNDLE_EXECUTABLE_FOLDER_PATH)/ScoopTest";
			};
			name = Debug;
		};
		657838522DE773CE00770B49 /* Release */ = {
			isa = XCBuildConfiguration;
			buildSettings = {
				BUNDLE_LOADER = "$(TEST_HOST)";
				CODE_SIGN_STYLE = Automatic;
				CURRENT_PROJECT_VERSION = 1;
				DEVELOPMENT_TEAM = C92C3V9HUW;
				GENERATE_INFOPLIST_FILE = YES;
				IPHONEOS_DEPLOYMENT_TARGET = 18.4;
				MARKETING_VERSION = 1.0;
				PRODUCT_BUNDLE_IDENTIFIER = com.Arthur.ScoopTestTests;
				PRODUCT_NAME = "$(TARGET_NAME)";
				SWIFT_EMIT_LOC_STRINGS = NO;
				SWIFT_VERSION = 5.0;
				TARGETED_DEVICE_FAMILY = "1,2";
				TEST_HOST = "$(BUILT_PRODUCTS_DIR)/ScoopTest.app/$(BUNDLE_EXECUTABLE_FOLDER_PATH)/ScoopTest";
			};
			name = Release;
		};
		657838542DE773CE00770B49 /* Debug */ = {
			isa = XCBuildConfiguration;
			buildSettings = {
				CODE_SIGN_STYLE = Automatic;
				CURRENT_PROJECT_VERSION = 1;
				DEVELOPMENT_TEAM = C92C3V9HUW;
				GENERATE_INFOPLIST_FILE = YES;
				MARKETING_VERSION = 1.0;
				PRODUCT_BUNDLE_IDENTIFIER = com.Arthur.ScoopTestUITests;
				PRODUCT_NAME = "$(TARGET_NAME)";
				SWIFT_EMIT_LOC_STRINGS = NO;
				SWIFT_VERSION = 5.0;
				TARGETED_DEVICE_FAMILY = "1,2";
				TEST_TARGET_NAME = ScoopTest;
			};
			name = Debug;
		};
		657838552DE773CE00770B49 /* Release */ = {
			isa = XCBuildConfiguration;
			buildSettings = {
				CODE_SIGN_STYLE = Automatic;
				CURRENT_PROJECT_VERSION = 1;
				DEVELOPMENT_TEAM = C92C3V9HUW;
				GENERATE_INFOPLIST_FILE = YES;
				MARKETING_VERSION = 1.0;
				PRODUCT_BUNDLE_IDENTIFIER = com.Arthur.ScoopTestUITests;
				PRODUCT_NAME = "$(TARGET_NAME)";
				SWIFT_EMIT_LOC_STRINGS = NO;
				SWIFT_VERSION = 5.0;
				TARGETED_DEVICE_FAMILY = "1,2";
				TEST_TARGET_NAME = ScoopTest;
			};
			name = Release;
		};
/* End XCBuildConfiguration section */

/* Begin XCConfigurationList section */
		657838272DE773CC00770B49 /* Build configuration list for PBXProject "ScoopTest" */ = {
			isa = XCConfigurationList;
			buildConfigurations = (
				6578384B2DE773CE00770B49 /* Debug */,
				6578384C2DE773CE00770B49 /* Release */,
			);
			defaultConfigurationIsVisible = 0;
			defaultConfigurationName = Release;
		};
		6578384D2DE773CE00770B49 /* Build configuration list for PBXNativeTarget "ScoopTest" */ = {
			isa = XCConfigurationList;
			buildConfigurations = (
				6578384E2DE773CE00770B49 /* Debug */,
				6578384F2DE773CE00770B49 /* Release */,
			);
			defaultConfigurationIsVisible = 0;
			defaultConfigurationName = Release;
		};
		657838502DE773CE00770B49 /* Build configuration list for PBXNativeTarget "ScoopTestTests" */ = {
			isa = XCConfigurationList;
			buildConfigurations = (
				657838512DE773CE00770B49 /* Debug */,
				657838522DE773CE00770B49 /* Release */,
			);
			defaultConfigurationIsVisible = 0;
			defaultConfigurationName = Release;
		};
		657838532DE773CE00770B49 /* Build configuration list for PBXNativeTarget "ScoopTestUITests" */ = {
			isa = XCConfigurationList;
			buildConfigurations = (
				657838542DE773CE00770B49 /* Debug */,
				657838552DE773CE00770B49 /* Release */,
			);
			defaultConfigurationIsVisible = 0;
			defaultConfigurationName = Release;
		};
/* End XCConfigurationList section */

/* Begin XCRemoteSwiftPackageReference section */
		6508A0B82DF209B600312AFD /* XCRemoteSwiftPackageReference "swiftui-flow-layout" */ = {
			isa = XCRemoteSwiftPackageReference;
			repositoryURL = "https://github.com/globulus/swiftui-flow-layout";
			requirement = {
				kind = upToNextMajorVersion;
				minimumVersion = 1.0.5;
			};
		};
		653BAF882E0B860800C1AB9E /* XCRemoteSwiftPackageReference "firebase-ios-sdk" */ = {
			isa = XCRemoteSwiftPackageReference;
			repositoryURL = "https://github.com/firebase/firebase-ios-sdk";
			requirement = {
				kind = upToNextMajorVersion;
				minimumVersion = 11.15.0;
			};
		};
/* End XCRemoteSwiftPackageReference section */

/* Begin XCSwiftPackageProductDependency section */
		6508A0B92DF209B600312AFD /* SwiftUIFlowLayout */ = {
			isa = XCSwiftPackageProductDependency;
			package = 6508A0B82DF209B600312AFD /* XCRemoteSwiftPackageReference "swiftui-flow-layout" */;
			productName = SwiftUIFlowLayout;
		};
		653BAF892E0B860800C1AB9E /* FirebaseAnalytics */ = {
			isa = XCSwiftPackageProductDependency;
			package = 653BAF882E0B860800C1AB9E /* XCRemoteSwiftPackageReference "firebase-ios-sdk" */;
			productName = FirebaseAnalytics;
		};
		653BAF8B2E0B860800C1AB9E /* FirebaseAuth */ = {
			isa = XCSwiftPackageProductDependency;
			package = 653BAF882E0B860800C1AB9E /* XCRemoteSwiftPackageReference "firebase-ios-sdk" */;
			productName = FirebaseAuth;
		};
		653BAF8D2E0B860800C1AB9E /* FirebaseStorage */ = {
			isa = XCSwiftPackageProductDependency;
			package = 653BAF882E0B860800C1AB9E /* XCRemoteSwiftPackageReference "firebase-ios-sdk" */;
			productName = FirebaseStorage;
		};
/* End XCSwiftPackageProductDependency section */
	};
	rootObject = 657838242DE773CC00770B49 /* Project object */;
}
