// !$*UTF8*$!
{
	archiveVersion = 1;
	classes = {
	};
	objectVersion = 77;
	objects = {

/* Begin PBXBuildFile section */
		65058E8E2E1C4080009AD7FD /* FirebaseFirestore in Frameworks */ = {isa = PBXBuildFile; productRef = 65058E8D2E1C4080009AD7FD /* FirebaseFirestore */; };
		65058E902E1C40AA009AD7FD /* FirestoreManager.swift in Sources */ = {isa = PBXBuildFile; fileRef = 65058E8F2E1C40AA009AD7FD /* FirestoreManager.swift */; };
		6508A0BA2DF209B600312AFD /* SwiftUIFlowLayout in Frameworks */ = {isa = PBXBuildFile; productRef = 6508A0B92DF209B600312AFD /* SwiftUIFlowLayout */; };
		6509DDC12E36F5780042917B /* FlowMode.swift in Sources */ = {isa = PBXBuildFile; fileRef = 6509DDC02E36F5780042917B /* FlowMode.swift */; };
		6509DDC32E36F6EE0042917B /* SingleChoiceEdit.swift in Sources */ = {isa = PBXBuildFile; fileRef = 6509DDC22E36F6EE0042917B /* SingleChoiceEdit.swift */; };
		6509DDC52E3798C20042917B /* optionFieldTesst.swift in Sources */ = {isa = PBXBuildFile; fileRef = 6509DDC42E3798C20042917B /* optionFieldTesst.swift */; };
		6509DDC72E37A1CC0042917B /* TextFieldEdit.swift in Sources */ = {isa = PBXBuildFile; fileRef = 6509DDC62E37A1CC0042917B /* TextFieldEdit.swift */; };
		6509DDC92E37A87B0042917B /* FlowNavigation.swift in Sources */ = {isa = PBXBuildFile; fileRef = 6509DDC82E37A87B0042917B /* FlowNavigation.swift */; };
		6522EF272E1EFDE6004531F9 /* EditProfileView.swift in Sources */ = {isa = PBXBuildFile; fileRef = 6522EF262E1EFDE6004531F9 /* EditProfileView.swift */; };
		652FC9732E1AD73A0034A387 /* AuthenticationManager.swift in Sources */ = {isa = PBXBuildFile; fileRef = 652FC9722E1AD7360034A387 /* AuthenticationManager.swift */; };
		65376D7A2E05A7B50058D225 /* DefaultParameters.swift in Sources */ = {isa = PBXBuildFile; fileRef = 65376D792E05A7AF0058D225 /* DefaultParameters.swift */; };
		653770342E0862800058D225 /* IntroView.swift in Sources */ = {isa = PBXBuildFile; fileRef = 653770332E0862800058D225 /* IntroView.swift */; };
		6537704E2E0A10DC0058D225 /* PromptResponseView.swift in Sources */ = {isa = PBXBuildFile; fileRef = 6537704D2E0A10DC0058D225 /* PromptResponseView.swift */; };
		653770502E0A15270058D225 /* InviteButton.swift in Sources */ = {isa = PBXBuildFile; fileRef = 6537704F2E0A15270058D225 /* InviteButton.swift */; };
		653770522E0A1E190058D225 /* ProfileDetailsView.swift in Sources */ = {isa = PBXBuildFile; fileRef = 653770512E0A1E190058D225 /* ProfileDetailsView.swift */; };
		653770582E0ABCCD0058D225 /* ActionButton2.swift in Sources */ = {isa = PBXBuildFile; fileRef = 653770572E0ABCCD0058D225 /* ActionButton2.swift */; };
		6537705F2E0AC2B70058D225 /* PopupTemplate.swift in Sources */ = {isa = PBXBuildFile; fileRef = 6537705C2E0AC2B70058D225 /* PopupTemplate.swift */; };
		653770602E0AC2B70058D225 /* InviteContainer.swift in Sources */ = {isa = PBXBuildFile; fileRef = 6537705D2E0AC2B70058D225 /* InviteContainer.swift */; };
		653770622E0ACA600058D225 /* SelectTypeView.swift in Sources */ = {isa = PBXBuildFile; fileRef = 653770612E0ACA600058D225 /* SelectTypeView.swift */; };
		6537706A2E0AD9AB0058D225 /* InviteTypeRowView.swift in Sources */ = {isa = PBXBuildFile; fileRef = 653770692E0AD9AB0058D225 /* InviteTypeRowView.swift */; };
		6537706E2E0B08DE0058D225 /* InviteAddMessageView.swift in Sources */ = {isa = PBXBuildFile; fileRef = 6537706D2E0B08DE0058D225 /* InviteAddMessageView.swift */; };
		653770702E0B276C0058D225 /* SelectTimeView.swift in Sources */ = {isa = PBXBuildFile; fileRef = 6537706F2E0B276C0058D225 /* SelectTimeView.swift */; };
		653A78532E130A990098747F /* EventDetailSummaryView.swift in Sources */ = {isa = PBXBuildFile; fileRef = 653A78522E130A990098747F /* EventDetailSummaryView.swift */; };
		653A78552E131FDF0098747F /* EventDetailsView.swift in Sources */ = {isa = PBXBuildFile; fileRef = 653A78542E131FDF0098747F /* EventDetailsView.swift */; };
		653A78592E1340BA0098747F /* MatchesView.swift in Sources */ = {isa = PBXBuildFile; fileRef = 653A78582E1340BA0098747F /* MatchesView.swift */; };
		653A78C42E15DBD80098747F /* MapView.swift in Sources */ = {isa = PBXBuildFile; fileRef = 653A78C32E15DBD80098747F /* MapView.swift */; };
		653A78C62E15DC130098747F /* MapViewModel.swift in Sources */ = {isa = PBXBuildFile; fileRef = 653A78C52E15DC130098747F /* MapViewModel.swift */; };
		653A78CA2E15EB490098747F /* MapSearchView.swift in Sources */ = {isa = PBXBuildFile; fileRef = 653A78C92E15EB490098747F /* MapSearchView.swift */; };
		653A7A672E24387B002C9E70 /* InterestsView.swift in Sources */ = {isa = PBXBuildFile; fileRef = 653A7A662E24387B002C9E70 /* InterestsView.swift */; };
		653BAF872E0B846600C1AB9E /* GoogleService-Info.plist in Resources */ = {isa = PBXBuildFile; fileRef = 653BAF862E0B846600C1AB9E /* GoogleService-Info.plist */; };
		653BAF8A2E0B860800C1AB9E /* FirebaseAnalytics in Frameworks */ = {isa = PBXBuildFile; productRef = 653BAF892E0B860800C1AB9E /* FirebaseAnalytics */; };
		653BAF8C2E0B860800C1AB9E /* FirebaseAuth in Frameworks */ = {isa = PBXBuildFile; productRef = 653BAF8B2E0B860800C1AB9E /* FirebaseAuth */; };
		653BAF8E2E0B860800C1AB9E /* FirebaseStorage in Frameworks */ = {isa = PBXBuildFile; productRef = 653BAF8D2E0B860800C1AB9E /* FirebaseStorage */; };
		653BAFA22E0C4C5700C1AB9E /* InviteTimeRowView.swift in Sources */ = {isa = PBXBuildFile; fileRef = 653BAFA12E0C4C5700C1AB9E /* InviteTimeRowView.swift */; };
		653BAFA42E0C5DF200C1AB9E /* InvitePlaceRowView.swift in Sources */ = {isa = PBXBuildFile; fileRef = 653BAFA32E0C5DF200C1AB9E /* InvitePlaceRowView.swift */; };
		653BAFAB2E0C944600C1AB9E /* ProfileImageView.swift in Sources */ = {isa = PBXBuildFile; fileRef = 653BAFAA2E0C944600C1AB9E /* ProfileImageView.swift */; };
		653BAFAD2E0C95AE00C1AB9E /* ProfileImageScroller.swift in Sources */ = {isa = PBXBuildFile; fileRef = 653BAFAC2E0C95AE00C1AB9E /* ProfileImageScroller.swift */; };
		653BAFB02E0C9B7100C1AB9E /* ProfileDetailsViewInfo.swift in Sources */ = {isa = PBXBuildFile; fileRef = 653BAFAF2E0C9B7100C1AB9E /* ProfileDetailsViewInfo.swift */; };
		653BAFB62E0D6BAD00C1AB9E /* EventModel.swift in Sources */ = {isa = PBXBuildFile; fileRef = 653BAFB52E0D6BA900C1AB9E /* EventModel.swift */; };
		653BAFBA2E0D6DBD00C1AB9E /* CountdownView.swift in Sources */ = {isa = PBXBuildFile; fileRef = 653BAFB92E0D6DBD00C1AB9E /* CountdownView.swift */; };
		653BAFBC2E0D78E400C1AB9E /* SFCompactRounded-Semibold.otf in Resources */ = {isa = PBXBuildFile; fileRef = 653BAFBB2E0D78E400C1AB9E /* SFCompactRounded-Semibold.otf */; };
		653BAFC02E0D930900C1AB9E /* SFCompactRounded-Regular.otf in Resources */ = {isa = PBXBuildFile; fileRef = 653BAFBF2E0D930900C1AB9E /* SFCompactRounded-Regular.otf */; };
		653BAFC22E0D96B700C1AB9E /* EventView.swift in Sources */ = {isa = PBXBuildFile; fileRef = 653BAFC12E0D96B700C1AB9E /* EventView.swift */; };
		653BAFC42E0D9D3400C1AB9E /* CountdownViewModel.swift in Sources */ = {isa = PBXBuildFile; fileRef = 653BAFC32E0D9D3000C1AB9E /* CountdownViewModel.swift */; };
		654982B22E2D748B00CA335F /* LoginContainer.swift in Sources */ = {isa = PBXBuildFile; fileRef = 654982B12E2D748B00CA335F /* LoginContainer.swift */; };
		654982B42E2E5AA700CA335F /* FullScreenCovertest2.swift in Sources */ = {isa = PBXBuildFile; fileRef = 654982B32E2E5AA700CA335F /* FullScreenCovertest2.swift */; };
		654982BC2E2E66A500CA335F /* EmailVerificationViewModel.swift in Sources */ = {isa = PBXBuildFile; fileRef = 654982BB2E2E66A500CA335F /* EmailVerificationViewModel.swift */; };
		654982C02E2FA54100CA335F /* StorageManager.swift in Sources */ = {isa = PBXBuildFile; fileRef = 654982BF2E2FA54100CA335F /* StorageManager.swift */; };
		654982D42E3101BE00CA335F /* AddImageView.swift in Sources */ = {isa = PBXBuildFile; fileRef = 654982D32E3101BE00CA335F /* AddImageView.swift */; };
		654982D62E31285000CA335F /* ImageViewModel.swift in Sources */ = {isa = PBXBuildFile; fileRef = 654982D52E31285000CA335F /* ImageViewModel.swift */; };
		654982D82E3152C000CA335F /* ImagesView.swift in Sources */ = {isa = PBXBuildFile; fileRef = 654982D72E3152C000CA335F /* ImagesView.swift */; };
		654982DE2E315B1B00CA335F /* PhotoCell2.swift in Sources */ = {isa = PBXBuildFile; fileRef = 654982DD2E315B1B00CA335F /* PhotoCell2.swift */; };
		6549837D2E35429400CA335F /* ManagersProtocol.swift in Sources */ = {isa = PBXBuildFile; fileRef = 6549837C2E35429400CA335F /* ManagersProtocol.swift */; };
		654C00932E3549EA00FFD504 /* UserModel.swift in Sources */ = {isa = PBXBuildFile; fileRef = 654C00922E3549EA00FFD504 /* UserModel.swift */; };
		654C00952E3559A700FFD504 /* ProfileViewModel.swift in Sources */ = {isa = PBXBuildFile; fileRef = 654C00942E3559A700FFD504 /* ProfileViewModel.swift */; };
		654C009B2E35689000FFD504 /* CurrentUserStore.swift in Sources */ = {isa = PBXBuildFile; fileRef = 654C009A2E35689000FFD504 /* CurrentUserStore.swift */; };
		654C009E2E35835900FFD504 /* AppDependencies.swift in Sources */ = {isa = PBXBuildFile; fileRef = 654C009D2E35835900FFD504 /* AppDependencies.swift */; };
		655C35F32E2477FA00C08478 /* EditLookingFor.swift in Sources */ = {isa = PBXBuildFile; fileRef = 655C35F22E2477FA00C08478 /* EditLookingFor.swift */; };
		656126592E2310C000088B6D /* EditSex.swift in Sources */ = {isa = PBXBuildFile; fileRef = 656126582E2310C000088B6D /* EditSex.swift */; };
		6561265F2E231B0100088B6D /* EditYear.swift in Sources */ = {isa = PBXBuildFile; fileRef = 6561265E2E231B0100088B6D /* EditYear.swift */; };
		656126632E231BFA00088B6D /* EditAttractedTo.swift in Sources */ = {isa = PBXBuildFile; fileRef = 656126622E231BFA00088B6D /* EditAttractedTo.swift */; };
		656126652E23212C00088B6D /* EditInterests.swift in Sources */ = {isa = PBXBuildFile; fileRef = 656126642E23212C00088B6D /* EditInterests.swift */; };
		6561C8AC2E033EAF006A72DF /* OptionCell.swift in Sources */ = {isa = PBXBuildFile; fileRef = 6561C8AB2E033EAF006A72DF /* OptionCell.swift */; };
		6561C8B22E035BE2006A72DF /* RootView.swift in Sources */ = {isa = PBXBuildFile; fileRef = 6561C8B12E035BC6006A72DF /* RootView.swift */; };
		6561C8C82E0444EC006A72DF /* ModernEra-Bold.ttf in Resources */ = {isa = PBXBuildFile; fileRef = 6561C8BF2E0444EC006A72DF /* ModernEra-Bold.ttf */; };
		6561C8C92E0444EC006A72DF /* ModernEra-Medium.ttf in Resources */ = {isa = PBXBuildFile; fileRef = 6561C8C02E0444EC006A72DF /* ModernEra-Medium.ttf */; };
		6561C8CA2E0444EC006A72DF /* ModernEra-MediumItalic.ttf in Resources */ = {isa = PBXBuildFile; fileRef = 6561C8C12E0444EC006A72DF /* ModernEra-MediumItalic.ttf */; };
		6561C8CB2E0444EC006A72DF /* ModernEra-Regular.ttf in Resources */ = {isa = PBXBuildFile; fileRef = 6561C8C22E0444EC006A72DF /* ModernEra-Regular.ttf */; };
		6561C8CC2E0444EC006A72DF /* NewYorkLarge-Bold.otf in Resources */ = {isa = PBXBuildFile; fileRef = 6561C8C32E0444EC006A72DF /* NewYorkLarge-Bold.otf */; };
		6561C8CD2E0444EC006A72DF /* NewYorkMedium-Medium.otf in Resources */ = {isa = PBXBuildFile; fileRef = 6561C8C42E0444EC006A72DF /* NewYorkMedium-Medium.otf */; };
		6561C8CE2E0444EC006A72DF /* NewYorkMedium-Semibold.otf in Resources */ = {isa = PBXBuildFile; fileRef = 6561C8C52E0444EC006A72DF /* NewYorkMedium-Semibold.otf */; };
		656A99332E046BDD0004536B /* OptionsSelectionView.swift in Sources */ = {isa = PBXBuildFile; fileRef = 656A99322E046BDD0004536B /* OptionsSelectionView.swift */; };
		656A9BF72E2999E5005D990A /* CustomNavigationBar.swift in Sources */ = {isa = PBXBuildFile; fileRef = 656A9BF62E2999E5005D990A /* CustomNavigationBar.swift */; };
		656A9BF92E29B1C6005D990A /* EditNationality.swift in Sources */ = {isa = PBXBuildFile; fileRef = 656A9BF82E29B1C6005D990A /* EditNationality.swift */; };
		656A9C312E2ACD14005D990A /* OnboardingViewModel.swift in Sources */ = {isa = PBXBuildFile; fileRef = 656A9C302E2ACD14005D990A /* OnboardingViewModel.swift */; };
		656A9C332E2AFC88005D990A /* FullScreenCoverTest.swift in Sources */ = {isa = PBXBuildFile; fileRef = 656A9C322E2AFC88005D990A /* FullScreenCoverTest.swift */; };
		6577D7AE2E1FFD2F00FFCF82 /* SettingsView.swift in Sources */ = {isa = PBXBuildFile; fileRef = 6577D7AD2E1FFD2F00FFCF82 /* SettingsView.swift */; };
		6577D7CB2E201C3C00FFCF82 /* EditTextFieldLayout.swift in Sources */ = {isa = PBXBuildFile; fileRef = 6577D7CA2E201C3C00FFCF82 /* EditTextFieldLayout.swift */; };
		6577D7DB2E203F8000FFCF82 /* BackButton.swift in Sources */ = {isa = PBXBuildFile; fileRef = 6577D7DA2E203F8000FFCF82 /* BackButton.swift */; };
		6577D7DD2E20424300FFCF82 /* EditHeight.swift in Sources */ = {isa = PBXBuildFile; fileRef = 6577D7DC2E20424300FFCF82 /* EditHeight.swift */; };
		6577D7E52E20454200FFCF82 /* OptionPill.swift in Sources */ = {isa = PBXBuildFile; fileRef = 6577D7E42E20454200FFCF82 /* OptionPill.swift */; };
		6577D7E72E205F1100FFCF82 /* EditOptionLayout.swift in Sources */ = {isa = PBXBuildFile; fileRef = 6577D7E62E205F1100FFCF82 /* EditOptionLayout.swift */; };
		6577D7EB2E2077A200FFCF82 /* EditMyLifeAs.swift in Sources */ = {isa = PBXBuildFile; fileRef = 6577D7EA2E2077A200FFCF82 /* EditMyLifeAs.swift */; };
		6577D7FD2E21BBD000FFCF82 /* EditLifestyle.swift in Sources */ = {isa = PBXBuildFile; fileRef = 6577D7FC2E21BBD000FFCF82 /* EditLifestyle.swift */; };
		6577D7FF2E21C0A400FFCF82 /* EditPrompt.swift in Sources */ = {isa = PBXBuildFile; fileRef = 6577D7FE2E21C0A400FFCF82 /* EditPrompt.swift */; };
		6577D8012E21C8C400FFCF82 /* DropDownMenu.swift in Sources */ = {isa = PBXBuildFile; fileRef = 6577D8002E21C8C400FFCF82 /* DropDownMenu.swift */; };
		659109242E19AEC00065696F /* NextButton.swift in Sources */ = {isa = PBXBuildFile; fileRef = 659109232E19AEC00065696F /* NextButton.swift */; };
		6591092C2E19B0810065696F /* Countries.swift in Sources */ = {isa = PBXBuildFile; fileRef = 659109252E19B0810065696F /* Countries.swift */; };
		6591092D2E19B0810065696F /* PromptOptions.swift in Sources */ = {isa = PBXBuildFile; fileRef = 659109262E19B0810065696F /* PromptOptions.swift */; };
		6591092E2E19B0810065696F /* Quotes.swift in Sources */ = {isa = PBXBuildFile; fileRef = 659109272E19B0810065696F /* Quotes.swift */; };
		659109332E19C87B0065696F /* EmailVerificationView.swift in Sources */ = {isa = PBXBuildFile; fileRef = 659109322E19C87B0065696F /* EmailVerificationView.swift */; };
		6593365C2E193CEA00150AAC /* MapSelectionView.swift in Sources */ = {isa = PBXBuildFile; fileRef = 6593365B2E193CEA00150AAC /* MapSelectionView.swift */; };
		659497192E01DD4000880921 /* MeetContainer.swift in Sources */ = {isa = PBXBuildFile; fileRef = 659496FD2E01DD4000880921 /* MeetContainer.swift */; };
		6594971A2E01DD4000880921 /* AppContainer.swift in Sources */ = {isa = PBXBuildFile; fileRef = 659496FE2E01DD4000880921 /* AppContainer.swift */; };
		6594971B2E01DD4000880921 /* ProfileContainer.swift in Sources */ = {isa = PBXBuildFile; fileRef = 659496FF2E01DD4000880921 /* ProfileContainer.swift */; };
		6594971C2E01DD4000880921 /* TwoDailyProfilesView.swift in Sources */ = {isa = PBXBuildFile; fileRef = 659497002E01DD4000880921 /* TwoDailyProfilesView.swift */; };
		659497202E01DD4000880921 /* EnterEmailView.swift in Sources */ = {isa = PBXBuildFile; fileRef = 659497072E01DD4000880921 /* EnterEmailView.swift */; };
		659497222E01DD4000880921 /* LimitedAccessView.swift in Sources */ = {isa = PBXBuildFile; fileRef = 659497092E01DD4000880921 /* LimitedAccessView.swift */; };
		659497272E01DD4000880921 /* OnboardingContainer.swift in Sources */ = {isa = PBXBuildFile; fileRef = 6594970E2E01DD4000880921 /* OnboardingContainer.swift */; };
		6594972B2E01DD4000880921 /* SignUpView.swift in Sources */ = {isa = PBXBuildFile; fileRef = 659497122E01DD4000880921 /* SignUpView.swift */; };
		6594972C2E01DD4000880921 /* ScoopTestApp.swift in Sources */ = {isa = PBXBuildFile; fileRef = 659497172E01DD4000880921 /* ScoopTestApp.swift */; };
		659497332E01DD4000880921 /* Assets.xcassets in Resources */ = {isa = PBXBuildFile; fileRef = 659497152E01DD4000880921 /* Assets.xcassets */; };
		65A8BEF02E02D6150054BD63 /* SignUpTitle.swift in Sources */ = {isa = PBXBuildFile; fileRef = 65A8BEEF2E02D6150054BD63 /* SignUpTitle.swift */; };
		65A8BEF22E02D96B0054BD63 /* InputTextfield.swift in Sources */ = {isa = PBXBuildFile; fileRef = 65A8BEF12E02D96B0054BD63 /* InputTextfield.swift */; };
		65A8BF9F2E02E0400054BD63 /* ActionButton.swift in Sources */ = {isa = PBXBuildFile; fileRef = 65A8BF9E2E02E0400054BD63 /* ActionButton.swift */; };
		65C8D1862E02CD94008B8A74 /* XButton.swift in Sources */ = {isa = PBXBuildFile; fileRef = 65C8D1852E02CD94008B8A74 /* XButton.swift */; };
		65E3E9D52E2849F2006EDCFA /* EditProfileViewModel.swift in Sources */ = {isa = PBXBuildFile; fileRef = 65E3E9D42E2849EE006EDCFA /* EditProfileViewModel.swift */; };
		65FEDAF32E229E19006CF3CD /* PromptsView.swift in Sources */ = {isa = PBXBuildFile; fileRef = 65FEDAF22E229E19006CF3CD /* PromptsView.swift */; };
		65FEDAF52E229E5F006CF3CD /* CustomList.swift in Sources */ = {isa = PBXBuildFile; fileRef = 65FEDAF42E229E5F006CF3CD /* CustomList.swift */; };
		65FEDBA52E2306C5006CF3CD /* ProfileButtonView.swift in Sources */ = {isa = PBXBuildFile; fileRef = 65FEDBA42E2306C5006CF3CD /* ProfileButtonView.swift */; };
		65FEDBA72E2307B7006CF3CD /* YearsView.swift in Sources */ = {isa = PBXBuildFile; fileRef = 65FEDBA62E2307B7006CF3CD /* YearsView.swift */; };
		65FEDBA92E230B02006CF3CD /* InfoView.swift in Sources */ = {isa = PBXBuildFile; fileRef = 65FEDBA82E230B02006CF3CD /* InfoView.swift */; };
/* End PBXBuildFile section */

/* Begin PBXContainerItemProxy section */
		6578383A2DE773CE00770B49 /* PBXContainerItemProxy */ = {
			isa = PBXContainerItemProxy;
			containerPortal = 657838242DE773CC00770B49 /* Project object */;
			proxyType = 1;
			remoteGlobalIDString = 6578382B2DE773CC00770B49;
			remoteInfo = ScoopTest;
		};
		657838442DE773CE00770B49 /* PBXContainerItemProxy */ = {
			isa = PBXContainerItemProxy;
			containerPortal = 657838242DE773CC00770B49 /* Project object */;
			proxyType = 1;
			remoteGlobalIDString = 6578382B2DE773CC00770B49;
			remoteInfo = ScoopTest;
		};
/* End PBXContainerItemProxy section */

/* Begin PBXFileReference section */
		65058E8F2E1C40AA009AD7FD /* FirestoreManager.swift */ = {isa = PBXFileReference; lastKnownFileType = sourcecode.swift; path = FirestoreManager.swift; sourceTree = "<group>"; };
		6509DDC02E36F5780042917B /* FlowMode.swift */ = {isa = PBXFileReference; lastKnownFileType = sourcecode.swift; path = FlowMode.swift; sourceTree = "<group>"; };
		6509DDC22E36F6EE0042917B /* SingleChoiceEdit.swift */ = {isa = PBXFileReference; lastKnownFileType = sourcecode.swift; path = SingleChoiceEdit.swift; sourceTree = "<group>"; };
		6509DDC42E3798C20042917B /* optionFieldTesst.swift */ = {isa = PBXFileReference; lastKnownFileType = sourcecode.swift; path = optionFieldTesst.swift; sourceTree = "<group>"; };
		6509DDC62E37A1CC0042917B /* TextFieldEdit.swift */ = {isa = PBXFileReference; lastKnownFileType = sourcecode.swift; path = TextFieldEdit.swift; sourceTree = "<group>"; };
		6509DDC82E37A87B0042917B /* FlowNavigation.swift */ = {isa = PBXFileReference; lastKnownFileType = sourcecode.swift; path = FlowNavigation.swift; sourceTree = "<group>"; };
		6522EF262E1EFDE6004531F9 /* EditProfileView.swift */ = {isa = PBXFileReference; lastKnownFileType = sourcecode.swift; path = EditProfileView.swift; sourceTree = "<group>"; };
		652FC9722E1AD7360034A387 /* AuthenticationManager.swift */ = {isa = PBXFileReference; lastKnownFileType = sourcecode.swift; path = AuthenticationManager.swift; sourceTree = "<group>"; };
		65376D792E05A7AF0058D225 /* DefaultParameters.swift */ = {isa = PBXFileReference; lastKnownFileType = sourcecode.swift; path = DefaultParameters.swift; sourceTree = "<group>"; };
		653770332E0862800058D225 /* IntroView.swift */ = {isa = PBXFileReference; lastKnownFileType = sourcecode.swift; path = IntroView.swift; sourceTree = "<group>"; };
		6537704D2E0A10DC0058D225 /* PromptResponseView.swift */ = {isa = PBXFileReference; lastKnownFileType = sourcecode.swift; path = PromptResponseView.swift; sourceTree = "<group>"; };
		6537704F2E0A15270058D225 /* InviteButton.swift */ = {isa = PBXFileReference; lastKnownFileType = sourcecode.swift; path = InviteButton.swift; sourceTree = "<group>"; };
		653770512E0A1E190058D225 /* ProfileDetailsView.swift */ = {isa = PBXFileReference; lastKnownFileType = sourcecode.swift; path = ProfileDetailsView.swift; sourceTree = "<group>"; };
		653770572E0ABCCD0058D225 /* ActionButton2.swift */ = {isa = PBXFileReference; lastKnownFileType = sourcecode.swift; path = ActionButton2.swift; sourceTree = "<group>"; };
		6537705C2E0AC2B70058D225 /* PopupTemplate.swift */ = {isa = PBXFileReference; lastKnownFileType = sourcecode.swift; path = PopupTemplate.swift; sourceTree = "<group>"; };
		6537705D2E0AC2B70058D225 /* InviteContainer.swift */ = {isa = PBXFileReference; lastKnownFileType = sourcecode.swift; path = InviteContainer.swift; sourceTree = "<group>"; };
		653770612E0ACA600058D225 /* SelectTypeView.swift */ = {isa = PBXFileReference; lastKnownFileType = sourcecode.swift; path = SelectTypeView.swift; sourceTree = "<group>"; };
		653770692E0AD9AB0058D225 /* InviteTypeRowView.swift */ = {isa = PBXFileReference; lastKnownFileType = sourcecode.swift; path = InviteTypeRowView.swift; sourceTree = "<group>"; };
		6537706D2E0B08DE0058D225 /* InviteAddMessageView.swift */ = {isa = PBXFileReference; lastKnownFileType = sourcecode.swift; path = InviteAddMessageView.swift; sourceTree = "<group>"; };
		6537706F2E0B276C0058D225 /* SelectTimeView.swift */ = {isa = PBXFileReference; lastKnownFileType = sourcecode.swift; path = SelectTimeView.swift; sourceTree = "<group>"; };
		653A78522E130A990098747F /* EventDetailSummaryView.swift */ = {isa = PBXFileReference; lastKnownFileType = sourcecode.swift; path = EventDetailSummaryView.swift; sourceTree = "<group>"; };
		653A78542E131FDF0098747F /* EventDetailsView.swift */ = {isa = PBXFileReference; lastKnownFileType = sourcecode.swift; path = EventDetailsView.swift; sourceTree = "<group>"; };
		653A78582E1340BA0098747F /* MatchesView.swift */ = {isa = PBXFileReference; lastKnownFileType = sourcecode.swift; path = MatchesView.swift; sourceTree = "<group>"; };
		653A78C32E15DBD80098747F /* MapView.swift */ = {isa = PBXFileReference; lastKnownFileType = sourcecode.swift; path = MapView.swift; sourceTree = "<group>"; };
		653A78C52E15DC130098747F /* MapViewModel.swift */ = {isa = PBXFileReference; lastKnownFileType = sourcecode.swift; path = MapViewModel.swift; sourceTree = "<group>"; };
		653A78C92E15EB490098747F /* MapSearchView.swift */ = {isa = PBXFileReference; lastKnownFileType = sourcecode.swift; path = MapSearchView.swift; sourceTree = "<group>"; };
		653A7A662E24387B002C9E70 /* InterestsView.swift */ = {isa = PBXFileReference; lastKnownFileType = sourcecode.swift; path = InterestsView.swift; sourceTree = "<group>"; };
		653BAF862E0B846600C1AB9E /* GoogleService-Info.plist */ = {isa = PBXFileReference; lastKnownFileType = text.plist.xml; path = "GoogleService-Info.plist"; sourceTree = "<group>"; };
		653BAFA12E0C4C5700C1AB9E /* InviteTimeRowView.swift */ = {isa = PBXFileReference; lastKnownFileType = sourcecode.swift; path = InviteTimeRowView.swift; sourceTree = "<group>"; };
		653BAFA32E0C5DF200C1AB9E /* InvitePlaceRowView.swift */ = {isa = PBXFileReference; lastKnownFileType = sourcecode.swift; path = InvitePlaceRowView.swift; sourceTree = "<group>"; };
		653BAFAA2E0C944600C1AB9E /* ProfileImageView.swift */ = {isa = PBXFileReference; lastKnownFileType = sourcecode.swift; path = ProfileImageView.swift; sourceTree = "<group>"; };
		653BAFAC2E0C95AE00C1AB9E /* ProfileImageScroller.swift */ = {isa = PBXFileReference; lastKnownFileType = sourcecode.swift; path = ProfileImageScroller.swift; sourceTree = "<group>"; };
		653BAFAF2E0C9B7100C1AB9E /* ProfileDetailsViewInfo.swift */ = {isa = PBXFileReference; lastKnownFileType = sourcecode.swift; path = ProfileDetailsViewInfo.swift; sourceTree = "<group>"; };
		653BAFB52E0D6BA900C1AB9E /* EventModel.swift */ = {isa = PBXFileReference; lastKnownFileType = sourcecode.swift; path = EventModel.swift; sourceTree = "<group>"; };
		653BAFB92E0D6DBD00C1AB9E /* CountdownView.swift */ = {isa = PBXFileReference; lastKnownFileType = sourcecode.swift; path = CountdownView.swift; sourceTree = "<group>"; };
		653BAFBB2E0D78E400C1AB9E /* SFCompactRounded-Semibold.otf */ = {isa = PBXFileReference; lastKnownFileType = file; path = "SFCompactRounded-Semibold.otf"; sourceTree = "<group>"; };
		653BAFBF2E0D930900C1AB9E /* SFCompactRounded-Regular.otf */ = {isa = PBXFileReference; lastKnownFileType = file; path = "SFCompactRounded-Regular.otf"; sourceTree = "<group>"; };
		653BAFC12E0D96B700C1AB9E /* EventView.swift */ = {isa = PBXFileReference; lastKnownFileType = sourcecode.swift; path = EventView.swift; sourceTree = "<group>"; };
		653BAFC32E0D9D3000C1AB9E /* CountdownViewModel.swift */ = {isa = PBXFileReference; lastKnownFileType = sourcecode.swift; path = CountdownViewModel.swift; sourceTree = "<group>"; };
		654982B12E2D748B00CA335F /* LoginContainer.swift */ = {isa = PBXFileReference; lastKnownFileType = sourcecode.swift; path = LoginContainer.swift; sourceTree = "<group>"; };
		654982B32E2E5AA700CA335F /* FullScreenCovertest2.swift */ = {isa = PBXFileReference; lastKnownFileType = sourcecode.swift; path = FullScreenCovertest2.swift; sourceTree = "<group>"; };
		654982BB2E2E66A500CA335F /* EmailVerificationViewModel.swift */ = {isa = PBXFileReference; lastKnownFileType = sourcecode.swift; path = EmailVerificationViewModel.swift; sourceTree = "<group>"; };
		654982BF2E2FA54100CA335F /* StorageManager.swift */ = {isa = PBXFileReference; lastKnownFileType = sourcecode.swift; path = StorageManager.swift; sourceTree = "<group>"; };
		654982D32E3101BE00CA335F /* AddImageView.swift */ = {isa = PBXFileReference; lastKnownFileType = sourcecode.swift; path = AddImageView.swift; sourceTree = "<group>"; };
		654982D52E31285000CA335F /* ImageViewModel.swift */ = {isa = PBXFileReference; lastKnownFileType = sourcecode.swift; path = ImageViewModel.swift; sourceTree = "<group>"; };
		654982D72E3152C000CA335F /* ImagesView.swift */ = {isa = PBXFileReference; lastKnownFileType = sourcecode.swift; path = ImagesView.swift; sourceTree = "<group>"; };
		654982DD2E315B1B00CA335F /* PhotoCell2.swift */ = {isa = PBXFileReference; lastKnownFileType = sourcecode.swift; path = PhotoCell2.swift; sourceTree = "<group>"; };
		6549837C2E35429400CA335F /* ManagersProtocol.swift */ = {isa = PBXFileReference; lastKnownFileType = sourcecode.swift; path = ManagersProtocol.swift; sourceTree = "<group>"; };
		654C00922E3549EA00FFD504 /* UserModel.swift */ = {isa = PBXFileReference; lastKnownFileType = sourcecode.swift; path = UserModel.swift; sourceTree = "<group>"; };
		654C00942E3559A700FFD504 /* ProfileViewModel.swift */ = {isa = PBXFileReference; lastKnownFileType = sourcecode.swift; path = ProfileViewModel.swift; sourceTree = "<group>"; };
		654C009A2E35689000FFD504 /* CurrentUserStore.swift */ = {isa = PBXFileReference; lastKnownFileType = sourcecode.swift; path = CurrentUserStore.swift; sourceTree = "<group>"; };
		654C009D2E35835900FFD504 /* AppDependencies.swift */ = {isa = PBXFileReference; lastKnownFileType = sourcecode.swift; path = AppDependencies.swift; sourceTree = "<group>"; };
		655C35F22E2477FA00C08478 /* EditLookingFor.swift */ = {isa = PBXFileReference; lastKnownFileType = sourcecode.swift; path = EditLookingFor.swift; sourceTree = "<group>"; };
		656126582E2310C000088B6D /* EditSex.swift */ = {isa = PBXFileReference; lastKnownFileType = sourcecode.swift; path = EditSex.swift; sourceTree = "<group>"; };
		6561265E2E231B0100088B6D /* EditYear.swift */ = {isa = PBXFileReference; lastKnownFileType = sourcecode.swift; path = EditYear.swift; sourceTree = "<group>"; };
		656126622E231BFA00088B6D /* EditAttractedTo.swift */ = {isa = PBXFileReference; lastKnownFileType = sourcecode.swift; path = EditAttractedTo.swift; sourceTree = "<group>"; };
		656126642E23212C00088B6D /* EditInterests.swift */ = {isa = PBXFileReference; lastKnownFileType = sourcecode.swift; path = EditInterests.swift; sourceTree = "<group>"; };
		6561C8AB2E033EAF006A72DF /* OptionCell.swift */ = {isa = PBXFileReference; lastKnownFileType = sourcecode.swift; path = OptionCell.swift; sourceTree = "<group>"; };
		6561C8B12E035BC6006A72DF /* RootView.swift */ = {isa = PBXFileReference; lastKnownFileType = sourcecode.swift; path = RootView.swift; sourceTree = "<group>"; };
		6561C8BF2E0444EC006A72DF /* ModernEra-Bold.ttf */ = {isa = PBXFileReference; lastKnownFileType = file; path = "ModernEra-Bold.ttf"; sourceTree = "<group>"; };
		6561C8C02E0444EC006A72DF /* ModernEra-Medium.ttf */ = {isa = PBXFileReference; lastKnownFileType = file; path = "ModernEra-Medium.ttf"; sourceTree = "<group>"; };
		6561C8C12E0444EC006A72DF /* ModernEra-MediumItalic.ttf */ = {isa = PBXFileReference; lastKnownFileType = file; path = "ModernEra-MediumItalic.ttf"; sourceTree = "<group>"; };
		6561C8C22E0444EC006A72DF /* ModernEra-Regular.ttf */ = {isa = PBXFileReference; lastKnownFileType = file; path = "ModernEra-Regular.ttf"; sourceTree = "<group>"; };
		6561C8C32E0444EC006A72DF /* NewYorkLarge-Bold.otf */ = {isa = PBXFileReference; lastKnownFileType = file; path = "NewYorkLarge-Bold.otf"; sourceTree = "<group>"; };
		6561C8C42E0444EC006A72DF /* NewYorkMedium-Medium.otf */ = {isa = PBXFileReference; lastKnownFileType = file; path = "NewYorkMedium-Medium.otf"; sourceTree = "<group>"; };
		6561C8C52E0444EC006A72DF /* NewYorkMedium-Semibold.otf */ = {isa = PBXFileReference; lastKnownFileType = file; path = "NewYorkMedium-Semibold.otf"; sourceTree = "<group>"; };
		656A99322E046BDD0004536B /* OptionsSelectionView.swift */ = {isa = PBXFileReference; lastKnownFileType = sourcecode.swift; path = OptionsSelectionView.swift; sourceTree = "<group>"; };
		656A9BF62E2999E5005D990A /* CustomNavigationBar.swift */ = {isa = PBXFileReference; lastKnownFileType = sourcecode.swift; path = CustomNavigationBar.swift; sourceTree = "<group>"; };
		656A9BF82E29B1C6005D990A /* EditNationality.swift */ = {isa = PBXFileReference; lastKnownFileType = sourcecode.swift; path = EditNationality.swift; sourceTree = "<group>"; };
		656A9C302E2ACD14005D990A /* OnboardingViewModel.swift */ = {isa = PBXFileReference; lastKnownFileType = sourcecode.swift; path = OnboardingViewModel.swift; sourceTree = "<group>"; };
		656A9C322E2AFC88005D990A /* FullScreenCoverTest.swift */ = {isa = PBXFileReference; lastKnownFileType = sourcecode.swift; path = FullScreenCoverTest.swift; sourceTree = "<group>"; };
		6577D7AD2E1FFD2F00FFCF82 /* SettingsView.swift */ = {isa = PBXFileReference; lastKnownFileType = sourcecode.swift; path = SettingsView.swift; sourceTree = "<group>"; };
		6577D7CA2E201C3C00FFCF82 /* EditTextFieldLayout.swift */ = {isa = PBXFileReference; lastKnownFileType = sourcecode.swift; path = EditTextFieldLayout.swift; sourceTree = "<group>"; };
		6577D7DA2E203F8000FFCF82 /* BackButton.swift */ = {isa = PBXFileReference; lastKnownFileType = sourcecode.swift; path = BackButton.swift; sourceTree = "<group>"; };
		6577D7DC2E20424300FFCF82 /* EditHeight.swift */ = {isa = PBXFileReference; lastKnownFileType = sourcecode.swift; path = EditHeight.swift; sourceTree = "<group>"; };
		6577D7E42E20454200FFCF82 /* OptionPill.swift */ = {isa = PBXFileReference; lastKnownFileType = sourcecode.swift; path = OptionPill.swift; sourceTree = "<group>"; };
		6577D7E62E205F1100FFCF82 /* EditOptionLayout.swift */ = {isa = PBXFileReference; lastKnownFileType = sourcecode.swift; path = EditOptionLayout.swift; sourceTree = "<group>"; };
		6577D7EA2E2077A200FFCF82 /* EditMyLifeAs.swift */ = {isa = PBXFileReference; lastKnownFileType = sourcecode.swift; path = EditMyLifeAs.swift; sourceTree = "<group>"; };
		6577D7FC2E21BBD000FFCF82 /* EditLifestyle.swift */ = {isa = PBXFileReference; lastKnownFileType = sourcecode.swift; path = EditLifestyle.swift; sourceTree = "<group>"; };
		6577D7FE2E21C0A400FFCF82 /* EditPrompt.swift */ = {isa = PBXFileReference; lastKnownFileType = sourcecode.swift; path = EditPrompt.swift; sourceTree = "<group>"; };
		6577D8002E21C8C400FFCF82 /* DropDownMenu.swift */ = {isa = PBXFileReference; lastKnownFileType = sourcecode.swift; path = DropDownMenu.swift; sourceTree = "<group>"; };
		6578382C2DE773CC00770B49 /* ScoopTest.app */ = {isa = PBXFileReference; explicitFileType = wrapper.application; includeInIndex = 0; path = ScoopTest.app; sourceTree = BUILT_PRODUCTS_DIR; };
		657838392DE773CE00770B49 /* ScoopTestTests.xctest */ = {isa = PBXFileReference; explicitFileType = wrapper.cfbundle; includeInIndex = 0; path = ScoopTestTests.xctest; sourceTree = BUILT_PRODUCTS_DIR; };
		657838432DE773CE00770B49 /* ScoopTestUITests.xctest */ = {isa = PBXFileReference; explicitFileType = wrapper.cfbundle; includeInIndex = 0; path = ScoopTestUITests.xctest; sourceTree = BUILT_PRODUCTS_DIR; };
		659109232E19AEC00065696F /* NextButton.swift */ = {isa = PBXFileReference; lastKnownFileType = sourcecode.swift; path = NextButton.swift; sourceTree = "<group>"; };
		659109252E19B0810065696F /* Countries.swift */ = {isa = PBXFileReference; lastKnownFileType = sourcecode.swift; path = Countries.swift; sourceTree = "<group>"; };
		659109262E19B0810065696F /* PromptOptions.swift */ = {isa = PBXFileReference; lastKnownFileType = sourcecode.swift; path = PromptOptions.swift; sourceTree = "<group>"; };
		659109272E19B0810065696F /* Quotes.swift */ = {isa = PBXFileReference; lastKnownFileType = sourcecode.swift; path = Quotes.swift; sourceTree = "<group>"; };
		659109322E19C87B0065696F /* EmailVerificationView.swift */ = {isa = PBXFileReference; lastKnownFileType = sourcecode.swift; path = EmailVerificationView.swift; sourceTree = "<group>"; };
		6593365B2E193CEA00150AAC /* MapSelectionView.swift */ = {isa = PBXFileReference; lastKnownFileType = sourcecode.swift; path = MapSelectionView.swift; sourceTree = "<group>"; };
		659496FD2E01DD4000880921 /* MeetContainer.swift */ = {isa = PBXFileReference; lastKnownFileType = sourcecode.swift; path = MeetContainer.swift; sourceTree = "<group>"; };
		659496FE2E01DD4000880921 /* AppContainer.swift */ = {isa = PBXFileReference; lastKnownFileType = sourcecode.swift; path = AppContainer.swift; sourceTree = "<group>"; };
		659496FF2E01DD4000880921 /* ProfileContainer.swift */ = {isa = PBXFileReference; lastKnownFileType = sourcecode.swift; path = ProfileContainer.swift; sourceTree = "<group>"; };
		659497002E01DD4000880921 /* TwoDailyProfilesView.swift */ = {isa = PBXFileReference; lastKnownFileType = sourcecode.swift; path = TwoDailyProfilesView.swift; sourceTree = "<group>"; };
		659497072E01DD4000880921 /* EnterEmailView.swift */ = {isa = PBXFileReference; lastKnownFileType = sourcecode.swift; path = EnterEmailView.swift; sourceTree = "<group>"; };
		659497092E01DD4000880921 /* LimitedAccessView.swift */ = {isa = PBXFileReference; lastKnownFileType = sourcecode.swift; path = LimitedAccessView.swift; sourceTree = "<group>"; };
		6594970E2E01DD4000880921 /* OnboardingContainer.swift */ = {isa = PBXFileReference; lastKnownFileType = sourcecode.swift; path = OnboardingContainer.swift; sourceTree = "<group>"; };
		659497122E01DD4000880921 /* SignUpView.swift */ = {isa = PBXFileReference; lastKnownFileType = sourcecode.swift; path = SignUpView.swift; sourceTree = "<group>"; };
		659497152E01DD4000880921 /* Assets.xcassets */ = {isa = PBXFileReference; lastKnownFileType = folder.assetcatalog; path = Assets.xcassets; sourceTree = "<group>"; };
		659497162E01DD4000880921 /* Info.plist */ = {isa = PBXFileReference; lastKnownFileType = text.plist.xml; path = Info.plist; sourceTree = "<group>"; };
		659497172E01DD4000880921 /* ScoopTestApp.swift */ = {isa = PBXFileReference; lastKnownFileType = sourcecode.swift; path = ScoopTestApp.swift; sourceTree = "<group>"; };
		65A8BEEF2E02D6150054BD63 /* SignUpTitle.swift */ = {isa = PBXFileReference; lastKnownFileType = sourcecode.swift; path = SignUpTitle.swift; sourceTree = "<group>"; };
		65A8BEF12E02D96B0054BD63 /* InputTextfield.swift */ = {isa = PBXFileReference; lastKnownFileType = sourcecode.swift; path = InputTextfield.swift; sourceTree = "<group>"; };
		65A8BF9E2E02E0400054BD63 /* ActionButton.swift */ = {isa = PBXFileReference; lastKnownFileType = sourcecode.swift; path = ActionButton.swift; sourceTree = "<group>"; };
		65C8D1852E02CD94008B8A74 /* XButton.swift */ = {isa = PBXFileReference; lastKnownFileType = sourcecode.swift; path = XButton.swift; sourceTree = "<group>"; };
		65E3E9D42E2849EE006EDCFA /* EditProfileViewModel.swift */ = {isa = PBXFileReference; lastKnownFileType = sourcecode.swift; path = EditProfileViewModel.swift; sourceTree = "<group>"; };
		65FEDAF22E229E19006CF3CD /* PromptsView.swift */ = {isa = PBXFileReference; lastKnownFileType = sourcecode.swift; path = PromptsView.swift; sourceTree = "<group>"; };
		65FEDAF42E229E5F006CF3CD /* CustomList.swift */ = {isa = PBXFileReference; lastKnownFileType = sourcecode.swift; path = CustomList.swift; sourceTree = "<group>"; };
		65FEDBA42E2306C5006CF3CD /* ProfileButtonView.swift */ = {isa = PBXFileReference; lastKnownFileType = sourcecode.swift; path = ProfileButtonView.swift; sourceTree = "<group>"; };
		65FEDBA62E2307B7006CF3CD /* YearsView.swift */ = {isa = PBXFileReference; lastKnownFileType = sourcecode.swift; path = YearsView.swift; sourceTree = "<group>"; };
		65FEDBA82E230B02006CF3CD /* InfoView.swift */ = {isa = PBXFileReference; lastKnownFileType = sourcecode.swift; path = InfoView.swift; sourceTree = "<group>"; };
/* End PBXFileReference section */

/* Begin PBXFileSystemSynchronizedRootGroup section */
		6578383C2DE773CE00770B49 /* ScoopTestTests */ = {
			isa = PBXFileSystemSynchronizedRootGroup;
			path = ScoopTestTests;
			sourceTree = "<group>";
		};
		657838462DE773CE00770B49 /* ScoopTestUITests */ = {
			isa = PBXFileSystemSynchronizedRootGroup;
			path = ScoopTestUITests;
			sourceTree = "<group>";
		};
/* End PBXFileSystemSynchronizedRootGroup section */

/* Begin PBXFrameworksBuildPhase section */
		657838292DE773CC00770B49 /* Frameworks */ = {
			isa = PBXFrameworksBuildPhase;
			buildActionMask = 2147483647;
			files = (
				653BAF8A2E0B860800C1AB9E /* FirebaseAnalytics in Frameworks */,
				653BAF8E2E0B860800C1AB9E /* FirebaseStorage in Frameworks */,
				653BAF8C2E0B860800C1AB9E /* FirebaseAuth in Frameworks */,
				65058E8E2E1C4080009AD7FD /* FirebaseFirestore in Frameworks */,
				6508A0BA2DF209B600312AFD /* SwiftUIFlowLayout in Frameworks */,
			);
			runOnlyForDeploymentPostprocessing = 0;
		};
		657838362DE773CE00770B49 /* Frameworks */ = {
			isa = PBXFrameworksBuildPhase;
			buildActionMask = 2147483647;
			files = (
			);
			runOnlyForDeploymentPostprocessing = 0;
		};
		657838402DE773CE00770B49 /* Frameworks */ = {
			isa = PBXFrameworksBuildPhase;
			buildActionMask = 2147483647;
			files = (
			);
			runOnlyForDeploymentPostprocessing = 0;
		};
/* End PBXFrameworksBuildPhase section */

/* Begin PBXGroup section */
		65058E872E1C2935009AD7FD /* Managers */ = {
			isa = PBXGroup;
			children = (
				654C00922E3549EA00FFD504 /* UserModel.swift */,
				6549837C2E35429400CA335F /* ManagersProtocol.swift */,
				652FC9722E1AD7360034A387 /* AuthenticationManager.swift */,
				654982BF2E2FA54100CA335F /* StorageManager.swift */,
				65058E8F2E1C40AA009AD7FD /* FirestoreManager.swift */,
				654C009A2E35689000FFD504 /* CurrentUserStore.swift */,
				654C009D2E35835900FFD504 /* AppDependencies.swift */,
				6509DDBF2E36F3FC0042917B /* FlowModes */,
			);
			path = Managers;
			sourceTree = "<group>";
		};
		65058E8C2E1C4080009AD7FD /* Frameworks */ = {
			isa = PBXGroup;
			children = (
			);
			name = Frameworks;
			sourceTree = "<group>";
		};
		6509DDBF2E36F3FC0042917B /* FlowModes */ = {
			isa = PBXGroup;
			children = (
				6509DDC02E36F5780042917B /* FlowMode.swift */,
				6509DDC82E37A87B0042917B /* FlowNavigation.swift */,
				6509DDC22E36F6EE0042917B /* SingleChoiceEdit.swift */,
				6509DDC62E37A1CC0042917B /* TextFieldEdit.swift */,
				6509DDC42E3798C20042917B /* optionFieldTesst.swift */,
			);
			path = FlowModes;
			sourceTree = "<group>";
		};
		6522EF242E1EE61A004531F9 /* EditProfile */ = {
			isa = PBXGroup;
			children = (
				65E3E9D42E2849EE006EDCFA /* EditProfileViewModel.swift */,
				6522EF262E1EFDE6004531F9 /* EditProfileView.swift */,
				65FEDAF22E229E19006CF3CD /* PromptsView.swift */,
				65FEDBA82E230B02006CF3CD /* InfoView.swift */,
				653A7A662E24387B002C9E70 /* InterestsView.swift */,
				65FEDBA62E2307B7006CF3CD /* YearsView.swift */,
				65FEDBA42E2306C5006CF3CD /* ProfileButtonView.swift */,
				654982DA2E31589B00CA335F /* ImageHandler */,
			);
			path = EditProfile;
			sourceTree = "<group>";
		};
		653770542E0A1E710058D225 /* Profile */ = {
			isa = PBXGroup;
			children = (
				659496FF2E01DD4000880921 /* ProfileContainer.swift */,
				654C00942E3559A700FFD504 /* ProfileViewModel.swift */,
				653BAFAA2E0C944600C1AB9E /* ProfileImageView.swift */,
				653BAFAC2E0C95AE00C1AB9E /* ProfileImageScroller.swift */,
				653770512E0A1E190058D225 /* ProfileDetailsView.swift */,
				653BAFAF2E0C9B7100C1AB9E /* ProfileDetailsViewInfo.swift */,
				6537704D2E0A10DC0058D225 /* PromptResponseView.swift */,
			);
			path = Profile;
			sourceTree = "<group>";
		};
		653A78C22E15DB810098747F /* MapView */ = {
			isa = PBXGroup;
			children = (
				653A78C52E15DC130098747F /* MapViewModel.swift */,
				653A78C32E15DBD80098747F /* MapView.swift */,
				6593365B2E193CEA00150AAC /* MapSelectionView.swift */,
				653A78C92E15EB490098747F /* MapSearchView.swift */,
			);
			path = MapView;
			sourceTree = "<group>";
		};
		653BAFA92E0C664F00C1AB9E /* Invite */ = {
			isa = PBXGroup;
			children = (
				6537705D2E0AC2B70058D225 /* InviteContainer.swift */,
				653770692E0AD9AB0058D225 /* InviteTypeRowView.swift */,
				653BAFA12E0C4C5700C1AB9E /* InviteTimeRowView.swift */,
				653BAFA32E0C5DF200C1AB9E /* InvitePlaceRowView.swift */,
				653770612E0ACA600058D225 /* SelectTypeView.swift */,
				6537706D2E0B08DE0058D225 /* InviteAddMessageView.swift */,
				6537706F2E0B276C0058D225 /* SelectTimeView.swift */,
				6537704F2E0A15270058D225 /* InviteButton.swift */,
				653A78C22E15DB810098747F /* MapView */,
			);
			path = Invite;
			sourceTree = "<group>";
		};
		654982BD2E2EEF5200CA335F /* Storage */ = {
			isa = PBXGroup;
			children = (
			);
			path = Storage;
			sourceTree = "<group>";
		};
		654982BE2E2FA52400CA335F /* Storage */ = {
			isa = PBXGroup;
			children = (
			);
			path = Storage;
			sourceTree = "<group>";
		};
		654982DA2E31589B00CA335F /* ImageHandler */ = {
			isa = PBXGroup;
			children = (
				654982D52E31285000CA335F /* ImageViewModel.swift */,
				654982D72E3152C000CA335F /* ImagesView.swift */,
				654982D32E3101BE00CA335F /* AddImageView.swift */,
				654982DD2E315B1B00CA335F /* PhotoCell2.swift */,
			);
			path = ImageHandler;
			sourceTree = "<group>";
		};
		6561C8C62E0444EC006A72DF /* Fonts */ = {
			isa = PBXGroup;
			children = (
				6561C8BF2E0444EC006A72DF /* ModernEra-Bold.ttf */,
				6561C8C02E0444EC006A72DF /* ModernEra-Medium.ttf */,
				6561C8C12E0444EC006A72DF /* ModernEra-MediumItalic.ttf */,
				6561C8C22E0444EC006A72DF /* ModernEra-Regular.ttf */,
				653BAFBB2E0D78E400C1AB9E /* SFCompactRounded-Semibold.otf */,
				653BAFBF2E0D930900C1AB9E /* SFCompactRounded-Regular.otf */,
				6561C8C32E0444EC006A72DF /* NewYorkLarge-Bold.otf */,
				6561C8C42E0444EC006A72DF /* NewYorkMedium-Medium.otf */,
				6561C8C52E0444EC006A72DF /* NewYorkMedium-Semibold.otf */,
			);
			path = Fonts;
			sourceTree = "<group>";
		};
		6561C8D12E044638006A72DF /* Meet */ = {
			isa = PBXGroup;
			children = (
				659496FD2E01DD4000880921 /* MeetContainer.swift */,
				653770332E0862800058D225 /* IntroView.swift */,
				659497002E01DD4000880921 /* TwoDailyProfilesView.swift */,
				653770542E0A1E710058D225 /* Profile */,
			);
			path = Meet;
			sourceTree = "<group>";
		};
		6561C8D22E04464C006A72DF /* Events */ = {
			isa = PBXGroup;
			children = (
				653BAFB52E0D6BA900C1AB9E /* EventModel.swift */,
				653BAFC12E0D96B700C1AB9E /* EventView.swift */,
				653A78542E131FDF0098747F /* EventDetailsView.swift */,
				653A78522E130A990098747F /* EventDetailSummaryView.swift */,
				653BAFB92E0D6DBD00C1AB9E /* CountdownView.swift */,
				653BAFC32E0D9D3000C1AB9E /* CountdownViewModel.swift */,
			);
			path = Events;
			sourceTree = "<group>";
		};
		6561C8D32E04465A006A72DF /* Matches */ = {
			isa = PBXGroup;
			children = (
				6577D7AD2E1FFD2F00FFCF82 /* SettingsView.swift */,
				653A78582E1340BA0098747F /* MatchesView.swift */,
				6522EF242E1EE61A004531F9 /* EditProfile */,
			);
			path = Matches;
			sourceTree = "<group>";
		};
		6561C8D52E04587D006A72DF /* Create Account */ = {
			isa = PBXGroup;
			children = (
				654982B12E2D748B00CA335F /* LoginContainer.swift */,
				659497122E01DD4000880921 /* SignUpView.swift */,
				659497072E01DD4000880921 /* EnterEmailView.swift */,
				659109322E19C87B0065696F /* EmailVerificationView.swift */,
				659497092E01DD4000880921 /* LimitedAccessView.swift */,
				6594970E2E01DD4000880921 /* OnboardingContainer.swift */,
				656A99322E046BDD0004536B /* OptionsSelectionView.swift */,
				656A9C302E2ACD14005D990A /* OnboardingViewModel.swift */,
				654982BB2E2E66A500CA335F /* EmailVerificationViewModel.swift */,
				659497352E01E76700880921 /* Components */,
			);
			path = "Create Account";
			sourceTree = "<group>";
		};
		6577D7C92E201A2600FFCF82 /* EditProfileDetail */ = {
			isa = PBXGroup;
			children = (
				6577D7FE2E21C0A400FFCF82 /* EditPrompt.swift */,
				6577D7CA2E201C3C00FFCF82 /* EditTextFieldLayout.swift */,
				6577D7E62E205F1100FFCF82 /* EditOptionLayout.swift */,
				656126582E2310C000088B6D /* EditSex.swift */,
				656126622E231BFA00088B6D /* EditAttractedTo.swift */,
				6561265E2E231B0100088B6D /* EditYear.swift */,
				655C35F22E2477FA00C08478 /* EditLookingFor.swift */,
				6577D7DC2E20424300FFCF82 /* EditHeight.swift */,
				656A9BF82E29B1C6005D990A /* EditNationality.swift */,
				6577D7FC2E21BBD000FFCF82 /* EditLifestyle.swift */,
				656126642E23212C00088B6D /* EditInterests.swift */,
				6577D7EA2E2077A200FFCF82 /* EditMyLifeAs.swift */,
				6577D7D42E203EF300FFCF82 /* Components */,
			);
			path = EditProfileDetail;
			sourceTree = "<group>";
		};
		6577D7D42E203EF300FFCF82 /* Components */ = {
			isa = PBXGroup;
			children = (
				6577D7E42E20454200FFCF82 /* OptionPill.swift */,
				65FEDAF42E229E5F006CF3CD /* CustomList.swift */,
				656A9BF62E2999E5005D990A /* CustomNavigationBar.swift */,
			);
			path = Components;
			sourceTree = "<group>";
		};
		657838232DE773CC00770B49 = {
			isa = PBXGroup;
			children = (
				654982BD2E2EEF5200CA335F /* Storage */,
				659497182E01DD4000880921 /* ScoopTest */,
				6578383C2DE773CE00770B49 /* ScoopTestTests */,
				657838462DE773CE00770B49 /* ScoopTestUITests */,
				65058E8C2E1C4080009AD7FD /* Frameworks */,
				6578382D2DE773CC00770B49 /* Products */,
			);
			sourceTree = "<group>";
		};
		6578382D2DE773CC00770B49 /* Products */ = {
			isa = PBXGroup;
			children = (
				6578382C2DE773CC00770B49 /* ScoopTest.app */,
				657838392DE773CE00770B49 /* ScoopTestTests.xctest */,
				657838432DE773CE00770B49 /* ScoopTestUITests.xctest */,
			);
			name = Products;
			sourceTree = "<group>";
		};
		659109282E19B0810065696F /* Models */ = {
			isa = PBXGroup;
			children = (
				659109252E19B0810065696F /* Countries.swift */,
				659109262E19B0810065696F /* PromptOptions.swift */,
				659109272E19B0810065696F /* Quotes.swift */,
				654982BE2E2FA52400CA335F /* Storage */,
			);
			path = Models;
			sourceTree = "<group>";
		};
		659496FC2E01DD4000880921 /* Resources */ = {
			isa = PBXGroup;
			children = (
				65376D792E05A7AF0058D225 /* DefaultParameters.swift */,
				6561C8C62E0444EC006A72DF /* Fonts */,
			);
			path = Resources;
			sourceTree = "<group>";
		};
		659497012E01DD4000880921 /* 2) MainApp */ = {
			isa = PBXGroup;
			children = (
				659496FE2E01DD4000880921 /* AppContainer.swift */,
				653BAFA92E0C664F00C1AB9E /* Invite */,
				6561C8D12E044638006A72DF /* Meet */,
				6561C8D22E04464C006A72DF /* Events */,
				6561C8D32E04465A006A72DF /* Matches */,
				659109282E19B0810065696F /* Models */,
			);
			path = "2) MainApp";
			sourceTree = "<group>";
		};
		659497142E01DD4000880921 /* 1) Onboarding */ = {
			isa = PBXGroup;
			children = (
				65058E872E1C2935009AD7FD /* Managers */,
				6577D7C92E201A2600FFCF82 /* EditProfileDetail */,
				6561C8D52E04587D006A72DF /* Create Account */,
			);
			path = "1) Onboarding";
			sourceTree = "<group>";
		};
		659497182E01DD4000880921 /* ScoopTest */ = {
			isa = PBXGroup;
			children = (
				653BAF862E0B846600C1AB9E /* GoogleService-Info.plist */,
				659497172E01DD4000880921 /* ScoopTestApp.swift */,
				6561C8B12E035BC6006A72DF /* RootView.swift */,
				659497142E01DD4000880921 /* 1) Onboarding */,
				659497012E01DD4000880921 /* 2) MainApp */,
				659496FC2E01DD4000880921 /* Resources */,
				659497152E01DD4000880921 /* Assets.xcassets */,
				659497162E01DD4000880921 /* Info.plist */,
			);
			path = ScoopTest;
			sourceTree = "<group>";
		};
		659497352E01E76700880921 /* Components */ = {
			isa = PBXGroup;
			children = (
				65A8BFA02E02E06D0054BD63 /* SignUpComponents */,
				6537705C2E0AC2B70058D225 /* PopupTemplate.swift */,
				65A8BEF12E02D96B0054BD63 /* InputTextfield.swift */,
				6577D8002E21C8C400FFCF82 /* DropDownMenu.swift */,
				6577D7DA2E203F8000FFCF82 /* BackButton.swift */,
				6561C8AB2E033EAF006A72DF /* OptionCell.swift */,
				65A8BF9E2E02E0400054BD63 /* ActionButton.swift */,
				653770572E0ABCCD0058D225 /* ActionButton2.swift */,
				656A9C322E2AFC88005D990A /* FullScreenCoverTest.swift */,
				654982B32E2E5AA700CA335F /* FullScreenCovertest2.swift */,
			);
			path = Components;
			sourceTree = "<group>";
		};
		65A8BFA02E02E06D0054BD63 /* SignUpComponents */ = {
			isa = PBXGroup;
			children = (
				659109232E19AEC00065696F /* NextButton.swift */,
				65C8D1852E02CD94008B8A74 /* XButton.swift */,
				65A8BEEF2E02D6150054BD63 /* SignUpTitle.swift */,
			);
			path = SignUpComponents;
			sourceTree = "<group>";
		};
/* End PBXGroup section */

/* Begin PBXNativeTarget section */
		6578382B2DE773CC00770B49 /* ScoopTest */ = {
			isa = PBXNativeTarget;
			buildConfigurationList = 6578384D2DE773CE00770B49 /* Build configuration list for PBXNativeTarget "ScoopTest" */;
			buildPhases = (
				657838282DE773CC00770B49 /* Sources */,
				657838292DE773CC00770B49 /* Frameworks */,
				6578382A2DE773CC00770B49 /* Resources */,
			);
			buildRules = (
			);
			dependencies = (
			);
			name = ScoopTest;
			packageProductDependencies = (
				6508A0B92DF209B600312AFD /* SwiftUIFlowLayout */,
				653BAF892E0B860800C1AB9E /* FirebaseAnalytics */,
				653BAF8B2E0B860800C1AB9E /* FirebaseAuth */,
				653BAF8D2E0B860800C1AB9E /* FirebaseStorage */,
				65058E8D2E1C4080009AD7FD /* FirebaseFirestore */,
			);
			productName = ScoopTest;
			productReference = 6578382C2DE773CC00770B49 /* ScoopTest.app */;
			productType = "com.apple.product-type.application";
		};
		657838382DE773CE00770B49 /* ScoopTestTests */ = {
			isa = PBXNativeTarget;
			buildConfigurationList = 657838502DE773CE00770B49 /* Build configuration list for PBXNativeTarget "ScoopTestTests" */;
			buildPhases = (
				657838352DE773CE00770B49 /* Sources */,
				657838362DE773CE00770B49 /* Frameworks */,
				657838372DE773CE00770B49 /* Resources */,
			);
			buildRules = (
			);
			dependencies = (
				6578383B2DE773CE00770B49 /* PBXTargetDependency */,
			);
			fileSystemSynchronizedGroups = (
				6578383C2DE773CE00770B49 /* ScoopTestTests */,
			);
			name = ScoopTestTests;
			packageProductDependencies = (
			);
			productName = ScoopTestTests;
			productReference = 657838392DE773CE00770B49 /* ScoopTestTests.xctest */;
			productType = "com.apple.product-type.bundle.unit-test";
		};
		657838422DE773CE00770B49 /* ScoopTestUITests */ = {
			isa = PBXNativeTarget;
			buildConfigurationList = 657838532DE773CE00770B49 /* Build configuration list for PBXNativeTarget "ScoopTestUITests" */;
			buildPhases = (
				6578383F2DE773CE00770B49 /* Sources */,
				657838402DE773CE00770B49 /* Frameworks */,
				657838412DE773CE00770B49 /* Resources */,
			);
			buildRules = (
			);
			dependencies = (
				657838452DE773CE00770B49 /* PBXTargetDependency */,
			);
			fileSystemSynchronizedGroups = (
				657838462DE773CE00770B49 /* ScoopTestUITests */,
			);
			name = ScoopTestUITests;
			packageProductDependencies = (
			);
			productName = ScoopTestUITests;
			productReference = 657838432DE773CE00770B49 /* ScoopTestUITests.xctest */;
			productType = "com.apple.product-type.bundle.ui-testing";
		};
/* End PBXNativeTarget section */

/* Begin PBXProject section */
		657838242DE773CC00770B49 /* Project object */ = {
			isa = PBXProject;
			attributes = {
				BuildIndependentTargetsInParallel = 1;
				LastSwiftUpdateCheck = 1630;
				LastUpgradeCheck = 1630;
				TargetAttributes = {
					6578382B2DE773CC00770B49 = {
						CreatedOnToolsVersion = 16.3;
					};
					657838382DE773CE00770B49 = {
						CreatedOnToolsVersion = 16.3;
						TestTargetID = 6578382B2DE773CC00770B49;
					};
					657838422DE773CE00770B49 = {
						CreatedOnToolsVersion = 16.3;
						TestTargetID = 6578382B2DE773CC00770B49;
					};
				};
			};
			buildConfigurationList = 657838272DE773CC00770B49 /* Build configuration list for PBXProject "ScoopTest" */;
			developmentRegion = en;
			hasScannedForEncodings = 0;
			knownRegions = (
				en,
				Base,
			);
			mainGroup = 657838232DE773CC00770B49;
			minimizedProjectReferenceProxies = 1;
			packageReferences = (
				6508A0B82DF209B600312AFD /* XCRemoteSwiftPackageReference "swiftui-flow-layout" */,
				653BAF882E0B860800C1AB9E /* XCRemoteSwiftPackageReference "firebase-ios-sdk" */,
			);
			preferredProjectObjectVersion = 77;
			productRefGroup = 6578382D2DE773CC00770B49 /* Products */;
			projectDirPath = "";
			projectRoot = "";
			targets = (
				6578382B2DE773CC00770B49 /* ScoopTest */,
				657838382DE773CE00770B49 /* ScoopTestTests */,
				657838422DE773CE00770B49 /* ScoopTestUITests */,
			);
		};
/* End PBXProject section */

/* Begin PBXResourcesBuildPhase section */
		6578382A2DE773CC00770B49 /* Resources */ = {
			isa = PBXResourcesBuildPhase;
			buildActionMask = 2147483647;
			files = (
				6561C8C82E0444EC006A72DF /* ModernEra-Bold.ttf in Resources */,
				653BAFC02E0D930900C1AB9E /* SFCompactRounded-Regular.otf in Resources */,
				6561C8C92E0444EC006A72DF /* ModernEra-Medium.ttf in Resources */,
				6561C8CA2E0444EC006A72DF /* ModernEra-MediumItalic.ttf in Resources */,
				6561C8CB2E0444EC006A72DF /* ModernEra-Regular.ttf in Resources */,
				653BAF872E0B846600C1AB9E /* GoogleService-Info.plist in Resources */,
				6561C8CC2E0444EC006A72DF /* NewYorkLarge-Bold.otf in Resources */,
				6561C8CD2E0444EC006A72DF /* NewYorkMedium-Medium.otf in Resources */,
				653BAFBC2E0D78E400C1AB9E /* SFCompactRounded-Semibold.otf in Resources */,
				6561C8CE2E0444EC006A72DF /* NewYorkMedium-Semibold.otf in Resources */,
				659497332E01DD4000880921 /* Assets.xcassets in Resources */,
			);
			runOnlyForDeploymentPostprocessing = 0;
		};
		657838372DE773CE00770B49 /* Resources */ = {
			isa = PBXResourcesBuildPhase;
			buildActionMask = 2147483647;
			files = (
			);
			runOnlyForDeploymentPostprocessing = 0;
		};
		657838412DE773CE00770B49 /* Resources */ = {
			isa = PBXResourcesBuildPhase;
			buildActionMask = 2147483647;
			files = (
			);
			runOnlyForDeploymentPostprocessing = 0;
		};
/* End PBXResourcesBuildPhase section */

/* Begin PBXSourcesBuildPhase section */
		657838282DE773CC00770B49 /* Sources */ = {
			isa = PBXSourcesBuildPhase;
			buildActionMask = 2147483647;
			files = (
				653A78532E130A990098747F /* EventDetailSummaryView.swift in Sources */,
				65C8D1862E02CD94008B8A74 /* XButton.swift in Sources */,
				659109332E19C87B0065696F /* EmailVerificationView.swift in Sources */,
				659497192E01DD4000880921 /* MeetContainer.swift in Sources */,
				653BAFC42E0D9D3400C1AB9E /* CountdownViewModel.swift in Sources */,
				6594971A2E01DD4000880921 /* AppContainer.swift in Sources */,
				65FEDBA72E2307B7006CF3CD /* YearsView.swift in Sources */,
				6509DDC32E36F6EE0042917B /* SingleChoiceEdit.swift in Sources */,
				65A8BF9F2E02E0400054BD63 /* ActionButton.swift in Sources */,
				6577D7FF2E21C0A400FFCF82 /* EditPrompt.swift in Sources */,
				6577D7FD2E21BBD000FFCF82 /* EditLifestyle.swift in Sources */,
				654982BC2E2E66A500CA335F /* EmailVerificationViewModel.swift in Sources */,
				6594971B2E01DD4000880921 /* ProfileContainer.swift in Sources */,
				654982D82E3152C000CA335F /* ImagesView.swift in Sources */,
				656126632E231BFA00088B6D /* EditAttractedTo.swift in Sources */,
				6594971C2E01DD4000880921 /* TwoDailyProfilesView.swift in Sources */,
				6561C8AC2E033EAF006A72DF /* OptionCell.swift in Sources */,
				65A8BEF22E02D96B0054BD63 /* InputTextfield.swift in Sources */,
				653770622E0ACA600058D225 /* SelectTypeView.swift in Sources */,
				659497202E01DD4000880921 /* EnterEmailView.swift in Sources */,
				653770502E0A15270058D225 /* InviteButton.swift in Sources */,
				653BAFBA2E0D6DBD00C1AB9E /* CountdownView.swift in Sources */,
				653770522E0A1E190058D225 /* ProfileDetailsView.swift in Sources */,
				6591092C2E19B0810065696F /* Countries.swift in Sources */,
				6577D8012E21C8C400FFCF82 /* DropDownMenu.swift in Sources */,
				6591092D2E19B0810065696F /* PromptOptions.swift in Sources */,
				656126592E2310C000088B6D /* EditSex.swift in Sources */,
				6577D7AE2E1FFD2F00FFCF82 /* SettingsView.swift in Sources */,
				6591092E2E19B0810065696F /* Quotes.swift in Sources */,
				65A8BEF02E02D6150054BD63 /* SignUpTitle.swift in Sources */,
				6549837D2E35429400CA335F /* ManagersProtocol.swift in Sources */,
				654982B42E2E5AA700CA335F /* FullScreenCovertest2.swift in Sources */,
				65FEDBA92E230B02006CF3CD /* InfoView.swift in Sources */,
				656A9BF72E2999E5005D990A /* CustomNavigationBar.swift in Sources */,
				65E3E9D52E2849F2006EDCFA /* EditProfileViewModel.swift in Sources */,
				653770702E0B276C0058D225 /* SelectTimeView.swift in Sources */,
				659497222E01DD4000880921 /* LimitedAccessView.swift in Sources */,
				653770582E0ABCCD0058D225 /* ActionButton2.swift in Sources */,
				653BAFAB2E0C944600C1AB9E /* ProfileImageView.swift in Sources */,
				654982C02E2FA54100CA335F /* StorageManager.swift in Sources */,
				654982D42E3101BE00CA335F /* AddImageView.swift in Sources */,
				656A9BF92E29B1C6005D990A /* EditNationality.swift in Sources */,
				65058E902E1C40AA009AD7FD /* FirestoreManager.swift in Sources */,
				6577D7E72E205F1100FFCF82 /* EditOptionLayout.swift in Sources */,
				655C35F32E2477FA00C08478 /* EditLookingFor.swift in Sources */,
				65376D7A2E05A7B50058D225 /* DefaultParameters.swift in Sources */,
				654982DE2E315B1B00CA335F /* PhotoCell2.swift in Sources */,
				6537706E2E0B08DE0058D225 /* InviteAddMessageView.swift in Sources */,
				6561C8B22E035BE2006A72DF /* RootView.swift in Sources */,
				653A78C62E15DC130098747F /* MapViewModel.swift in Sources */,
				653A78552E131FDF0098747F /* EventDetailsView.swift in Sources */,
				6537705F2E0AC2B70058D225 /* PopupTemplate.swift in Sources */,
				653770602E0AC2B70058D225 /* InviteContainer.swift in Sources */,
				6561265F2E231B0100088B6D /* EditYear.swift in Sources */,
				653BAFA42E0C5DF200C1AB9E /* InvitePlaceRowView.swift in Sources */,
				6509DDC92E37A87B0042917B /* FlowNavigation.swift in Sources */,
				653BAFA22E0C4C5700C1AB9E /* InviteTimeRowView.swift in Sources */,
				653A78592E1340BA0098747F /* MatchesView.swift in Sources */,
				6577D7CB2E201C3C00FFCF82 /* EditTextFieldLayout.swift in Sources */,
				6577D7DD2E20424300FFCF82 /* EditHeight.swift in Sources */,
				6509DDC52E3798C20042917B /* optionFieldTesst.swift in Sources */,
				656A99332E046BDD0004536B /* OptionsSelectionView.swift in Sources */,
				6593365C2E193CEA00150AAC /* MapSelectionView.swift in Sources */,
				653A78C42E15DBD80098747F /* MapView.swift in Sources */,
				65FEDBA52E2306C5006CF3CD /* ProfileButtonView.swift in Sources */,
				654982B22E2D748B00CA335F /* LoginContainer.swift in Sources */,
				654C009B2E35689000FFD504 /* CurrentUserStore.swift in Sources */,
				653BAFAD2E0C95AE00C1AB9E /* ProfileImageScroller.swift in Sources */,
				653770342E0862800058D225 /* IntroView.swift in Sources */,
				6577D7EB2E2077A200FFCF82 /* EditMyLifeAs.swift in Sources */,
				6577D7E52E20454200FFCF82 /* OptionPill.swift in Sources */,
				659109242E19AEC00065696F /* NextButton.swift in Sources */,
				659497272E01DD4000880921 /* OnboardingContainer.swift in Sources */,
				6509DDC12E36F5780042917B /* FlowMode.swift in Sources */,
				6537706A2E0AD9AB0058D225 /* InviteTypeRowView.swift in Sources */,
				653A7A672E24387B002C9E70 /* InterestsView.swift in Sources */,
				656126652E23212C00088B6D /* EditInterests.swift in Sources */,
				653BAFB62E0D6BAD00C1AB9E /* EventModel.swift in Sources */,
				653BAFB02E0C9B7100C1AB9E /* ProfileDetailsViewInfo.swift in Sources */,
				654982D62E31285000CA335F /* ImageViewModel.swift in Sources */,
				6509DDC72E37A1CC0042917B /* TextFieldEdit.swift in Sources */,
				653BAFC22E0D96B700C1AB9E /* EventView.swift in Sources */,
				6537704E2E0A10DC0058D225 /* PromptResponseView.swift in Sources */,
				6577D7DB2E203F8000FFCF82 /* BackButton.swift in Sources */,
				654C00932E3549EA00FFD504 /* UserModel.swift in Sources */,
				65FEDAF32E229E19006CF3CD /* PromptsView.swift in Sources */,
				6594972B2E01DD4000880921 /* SignUpView.swift in Sources */,
				656A9C332E2AFC88005D990A /* FullScreenCoverTest.swift in Sources */,
				656A9C312E2ACD14005D990A /* OnboardingViewModel.swift in Sources */,
				654C00952E3559A700FFD504 /* ProfileViewModel.swift in Sources */,
				6522EF272E1EFDE6004531F9 /* EditProfileView.swift in Sources */,
				653A78CA2E15EB490098747F /* MapSearchView.swift in Sources */,
				654C009E2E35835900FFD504 /* AppDependencies.swift in Sources */,
				65FEDAF52E229E5F006CF3CD /* CustomList.swift in Sources */,
				652FC9732E1AD73A0034A387 /* AuthenticationManager.swift in Sources */,
				6594972C2E01DD4000880921 /* ScoopTestApp.swift in Sources */,
			);
			runOnlyForDeploymentPostprocessing = 0;
		};
		657838352DE773CE00770B49 /* Sources */ = {
			isa = PBXSourcesBuildPhase;
			buildActionMask = 2147483647;
			files = (
			);
			runOnlyForDeploymentPostprocessing = 0;
		};
		6578383F2DE773CE00770B49 /* Sources */ = {
			isa = PBXSourcesBuildPhase;
			buildActionMask = 2147483647;
			files = (
			);
			runOnlyForDeploymentPostprocessing = 0;
		};
/* End PBXSourcesBuildPhase section */

/* Begin PBXTargetDependency section */
		6578383B2DE773CE00770B49 /* PBXTargetDependency */ = {
			isa = PBXTargetDependency;
			target = 6578382B2DE773CC00770B49 /* ScoopTest */;
			targetProxy = 6578383A2DE773CE00770B49 /* PBXContainerItemProxy */;
		};
		657838452DE773CE00770B49 /* PBXTargetDependency */ = {
			isa = PBXTargetDependency;
			target = 6578382B2DE773CC00770B49 /* ScoopTest */;
			targetProxy = 657838442DE773CE00770B49 /* PBXContainerItemProxy */;
		};
/* End PBXTargetDependency section */

/* Begin XCBuildConfiguration section */
		6578384B2DE773CE00770B49 /* Debug */ = {
			isa = XCBuildConfiguration;
			buildSettings = {
				ALWAYS_SEARCH_USER_PATHS = NO;
				ASSETCATALOG_COMPILER_GENERATE_SWIFT_ASSET_SYMBOL_EXTENSIONS = YES;
				CLANG_ANALYZER_NONNULL = YES;
				CLANG_ANALYZER_NUMBER_OBJECT_CONVERSION = YES_AGGRESSIVE;
				CLANG_CXX_LANGUAGE_STANDARD = "gnu++20";
				CLANG_ENABLE_MODULES = YES;
				CLANG_ENABLE_OBJC_ARC = YES;
				CLANG_ENABLE_OBJC_WEAK = YES;
				CLANG_WARN_BLOCK_CAPTURE_AUTORELEASING = YES;
				CLANG_WARN_BOOL_CONVERSION = YES;
				CLANG_WARN_COMMA = YES;
				CLANG_WARN_CONSTANT_CONVERSION = YES;
				CLANG_WARN_DEPRECATED_OBJC_IMPLEMENTATIONS = YES;
				CLANG_WARN_DIRECT_OBJC_ISA_USAGE = YES_ERROR;
				CLANG_WARN_DOCUMENTATION_COMMENTS = YES;
				CLANG_WARN_EMPTY_BODY = YES;
				CLANG_WARN_ENUM_CONVERSION = YES;
				CLANG_WARN_INFINITE_RECURSION = YES;
				CLANG_WARN_INT_CONVERSION = YES;
				CLANG_WARN_NON_LITERAL_NULL_CONVERSION = YES;
				CLANG_WARN_OBJC_IMPLICIT_RETAIN_SELF = YES;
				CLANG_WARN_OBJC_LITERAL_CONVERSION = YES;
				CLANG_WARN_OBJC_ROOT_CLASS = YES_ERROR;
				CLANG_WARN_QUOTED_INCLUDE_IN_FRAMEWORK_HEADER = YES;
				CLANG_WARN_RANGE_LOOP_ANALYSIS = YES;
				CLANG_WARN_STRICT_PROTOTYPES = YES;
				CLANG_WARN_SUSPICIOUS_MOVE = YES;
				CLANG_WARN_UNGUARDED_AVAILABILITY = YES_AGGRESSIVE;
				CLANG_WARN_UNREACHABLE_CODE = YES;
				CLANG_WARN__DUPLICATE_METHOD_MATCH = YES;
				COPY_PHASE_STRIP = NO;
				DEBUG_INFORMATION_FORMAT = dwarf;
				DEVELOPMENT_TEAM = C92C3V9HUW;
				ENABLE_STRICT_OBJC_MSGSEND = YES;
				ENABLE_TESTABILITY = YES;
				ENABLE_USER_SCRIPT_SANDBOXING = YES;
				GCC_C_LANGUAGE_STANDARD = gnu17;
				GCC_DYNAMIC_NO_PIC = NO;
				GCC_NO_COMMON_BLOCKS = YES;
				GCC_OPTIMIZATION_LEVEL = 0;
				GCC_PREPROCESSOR_DEFINITIONS = (
					"DEBUG=1",
					"$(inherited)",
				);
				GCC_WARN_64_TO_32_BIT_CONVERSION = YES;
				GCC_WARN_ABOUT_RETURN_TYPE = YES_ERROR;
				GCC_WARN_UNDECLARED_SELECTOR = YES;
				GCC_WARN_UNINITIALIZED_AUTOS = YES_AGGRESSIVE;
				GCC_WARN_UNUSED_FUNCTION = YES;
				GCC_WARN_UNUSED_VARIABLE = YES;
				IPHONEOS_DEPLOYMENT_TARGET = 18.4;
				LOCALIZATION_PREFERS_STRING_CATALOGS = YES;
				MTL_ENABLE_DEBUG_INFO = INCLUDE_SOURCE;
				MTL_FAST_MATH = YES;
				ONLY_ACTIVE_ARCH = YES;
				SDKROOT = iphoneos;
				SWIFT_ACTIVE_COMPILATION_CONDITIONS = "DEBUG $(inherited)";
				SWIFT_OPTIMIZATION_LEVEL = "-Onone";
			};
			name = Debug;
		};
		6578384C2DE773CE00770B49 /* Release */ = {
			isa = XCBuildConfiguration;
			buildSettings = {
				ALWAYS_SEARCH_USER_PATHS = NO;
				ASSETCATALOG_COMPILER_GENERATE_SWIFT_ASSET_SYMBOL_EXTENSIONS = YES;
				CLANG_ANALYZER_NONNULL = YES;
				CLANG_ANALYZER_NUMBER_OBJECT_CONVERSION = YES_AGGRESSIVE;
				CLANG_CXX_LANGUAGE_STANDARD = "gnu++20";
				CLANG_ENABLE_MODULES = YES;
				CLANG_ENABLE_OBJC_ARC = YES;
				CLANG_ENABLE_OBJC_WEAK = YES;
				CLANG_WARN_BLOCK_CAPTURE_AUTORELEASING = YES;
				CLANG_WARN_BOOL_CONVERSION = YES;
				CLANG_WARN_COMMA = YES;
				CLANG_WARN_CONSTANT_CONVERSION = YES;
				CLANG_WARN_DEPRECATED_OBJC_IMPLEMENTATIONS = YES;
				CLANG_WARN_DIRECT_OBJC_ISA_USAGE = YES_ERROR;
				CLANG_WARN_DOCUMENTATION_COMMENTS = YES;
				CLANG_WARN_EMPTY_BODY = YES;
				CLANG_WARN_ENUM_CONVERSION = YES;
				CLANG_WARN_INFINITE_RECURSION = YES;
				CLANG_WARN_INT_CONVERSION = YES;
				CLANG_WARN_NON_LITERAL_NULL_CONVERSION = YES;
				CLANG_WARN_OBJC_IMPLICIT_RETAIN_SELF = YES;
				CLANG_WARN_OBJC_LITERAL_CONVERSION = YES;
				CLANG_WARN_OBJC_ROOT_CLASS = YES_ERROR;
				CLANG_WARN_QUOTED_INCLUDE_IN_FRAMEWORK_HEADER = YES;
				CLANG_WARN_RANGE_LOOP_ANALYSIS = YES;
				CLANG_WARN_STRICT_PROTOTYPES = YES;
				CLANG_WARN_SUSPICIOUS_MOVE = YES;
				CLANG_WARN_UNGUARDED_AVAILABILITY = YES_AGGRESSIVE;
				CLANG_WARN_UNREACHABLE_CODE = YES;
				CLANG_WARN__DUPLICATE_METHOD_MATCH = YES;
				COPY_PHASE_STRIP = NO;
				DEBUG_INFORMATION_FORMAT = "dwarf-with-dsym";
				DEVELOPMENT_TEAM = C92C3V9HUW;
				ENABLE_NS_ASSERTIONS = NO;
				ENABLE_STRICT_OBJC_MSGSEND = YES;
				ENABLE_USER_SCRIPT_SANDBOXING = YES;
				GCC_C_LANGUAGE_STANDARD = gnu17;
				GCC_NO_COMMON_BLOCKS = YES;
				GCC_WARN_64_TO_32_BIT_CONVERSION = YES;
				GCC_WARN_ABOUT_RETURN_TYPE = YES_ERROR;
				GCC_WARN_UNDECLARED_SELECTOR = YES;
				GCC_WARN_UNINITIALIZED_AUTOS = YES_AGGRESSIVE;
				GCC_WARN_UNUSED_FUNCTION = YES;
				GCC_WARN_UNUSED_VARIABLE = YES;
				IPHONEOS_DEPLOYMENT_TARGET = 18.4;
				LOCALIZATION_PREFERS_STRING_CATALOGS = YES;
				MTL_ENABLE_DEBUG_INFO = NO;
				MTL_FAST_MATH = YES;
				SDKROOT = iphoneos;
				SWIFT_COMPILATION_MODE = wholemodule;
				VALIDATE_PRODUCT = YES;
			};
			name = Release;
		};
		6578384E2DE773CE00770B49 /* Debug */ = {
			isa = XCBuildConfiguration;
			buildSettings = {
				ASSETCATALOG_COMPILER_APPICON_NAME = AppIcon;
				ASSETCATALOG_COMPILER_GLOBAL_ACCENT_COLOR_NAME = AccentColor;
				CODE_SIGN_STYLE = Automatic;
				CURRENT_PROJECT_VERSION = 1;
				DEVELOPMENT_TEAM = C92C3V9HUW;
				ENABLE_PREVIEWS = YES;
				GENERATE_INFOPLIST_FILE = YES;
				INFOPLIST_FILE = ScoopTest/Info.plist;
				INFOPLIST_KEY_NSLocationWhenInUseUsageDescription = "Location required to show it on the map";
				INFOPLIST_KEY_UIApplicationSceneManifest_Generation = YES;
				INFOPLIST_KEY_UIApplicationSupportsIndirectInputEvents = YES;
				INFOPLIST_KEY_UILaunchScreen_Generation = YES;
				INFOPLIST_KEY_UISupportedInterfaceOrientations_iPad = "UIInterfaceOrientationPortrait UIInterfaceOrientationPortraitUpsideDown UIInterfaceOrientationLandscapeLeft UIInterfaceOrientationLandscapeRight";
				INFOPLIST_KEY_UISupportedInterfaceOrientations_iPhone = "UIInterfaceOrientationPortrait UIInterfaceOrientationLandscapeLeft UIInterfaceOrientationLandscapeRight";
				IPHONEOS_DEPLOYMENT_TARGET = 18.0;
				LD_RUNPATH_SEARCH_PATHS = (
					"$(inherited)",
					"@executable_path/Frameworks",
				);
				MARKETING_VERSION = 1.0;
				OTHER_CFLAGS = "";
				PRODUCT_BUNDLE_IDENTIFIER = com.Arthur.ScoopTest;
				PRODUCT_NAME = "$(TARGET_NAME)";
				SWIFT_EMIT_LOC_STRINGS = YES;
				SWIFT_VERSION = 5.0;
				TARGETED_DEVICE_FAMILY = "1,2";
			};
			name = Debug;
		};
		6578384F2DE773CE00770B49 /* Release */ = {
			isa = XCBuildConfiguration;
			buildSettings = {
				ASSETCATALOG_COMPILER_APPICON_NAME = AppIcon;
				ASSETCATALOG_COMPILER_GLOBAL_ACCENT_COLOR_NAME = AccentColor;
				CODE_SIGN_STYLE = Automatic;
				CURRENT_PROJECT_VERSION = 1;
				DEVELOPMENT_TEAM = C92C3V9HUW;
				ENABLE_PREVIEWS = YES;
				GENERATE_INFOPLIST_FILE = YES;
				INFOPLIST_FILE = ScoopTest/Info.plist;
				INFOPLIST_KEY_NSLocationWhenInUseUsageDescription = "Location required to show it on the map";
				INFOPLIST_KEY_UIApplicationSceneManifest_Generation = YES;
				INFOPLIST_KEY_UIApplicationSupportsIndirectInputEvents = YES;
				INFOPLIST_KEY_UILaunchScreen_Generation = YES;
				INFOPLIST_KEY_UISupportedInterfaceOrientations_iPad = "UIInterfaceOrientationPortrait UIInterfaceOrientationPortraitUpsideDown UIInterfaceOrientationLandscapeLeft UIInterfaceOrientationLandscapeRight";
				INFOPLIST_KEY_UISupportedInterfaceOrientations_iPhone = "UIInterfaceOrientationPortrait UIInterfaceOrientationLandscapeLeft UIInterfaceOrientationLandscapeRight";
				IPHONEOS_DEPLOYMENT_TARGET = 18.0;
				LD_RUNPATH_SEARCH_PATHS = (
					"$(inherited)",
					"@executable_path/Frameworks",
				);
				MARKETING_VERSION = 1.0;
				PRODUCT_BUNDLE_IDENTIFIER = com.Arthur.ScoopTest;
				PRODUCT_NAME = "$(TARGET_NAME)";
				SWIFT_EMIT_LOC_STRINGS = YES;
				SWIFT_VERSION = 5.0;
				TARGETED_DEVICE_FAMILY = "1,2";
			};
			name = Release;
		};
		657838512DE773CE00770B49 /* Debug */ = {
			isa = XCBuildConfiguration;
			buildSettings = {
				BUNDLE_LOADER = "$(TEST_HOST)";
				CODE_SIGN_STYLE = Automatic;
				CURRENT_PROJECT_VERSION = 1;
				DEVELOPMENT_TEAM = C92C3V9HUW;
				GENERATE_INFOPLIST_FILE = YES;
				IPHONEOS_DEPLOYMENT_TARGET = 18.4;
				MARKETING_VERSION = 1.0;
				PRODUCT_BUNDLE_IDENTIFIER = com.Arthur.ScoopTestTests;
				PRODUCT_NAME = "$(TARGET_NAME)";
				SWIFT_EMIT_LOC_STRINGS = NO;
				SWIFT_VERSION = 5.0;
				TARGETED_DEVICE_FAMILY = "1,2";
				TEST_HOST = "$(BUILT_PRODUCTS_DIR)/ScoopTest.app/$(BUNDLE_EXECUTABLE_FOLDER_PATH)/ScoopTest";
			};
			name = Debug;
		};
		657838522DE773CE00770B49 /* Release */ = {
			isa = XCBuildConfiguration;
			buildSettings = {
				BUNDLE_LOADER = "$(TEST_HOST)";
				CODE_SIGN_STYLE = Automatic;
				CURRENT_PROJECT_VERSION = 1;
				DEVELOPMENT_TEAM = C92C3V9HUW;
				GENERATE_INFOPLIST_FILE = YES;
				IPHONEOS_DEPLOYMENT_TARGET = 18.4;
				MARKETING_VERSION = 1.0;
				PRODUCT_BUNDLE_IDENTIFIER = com.Arthur.ScoopTestTests;
				PRODUCT_NAME = "$(TARGET_NAME)";
				SWIFT_EMIT_LOC_STRINGS = NO;
				SWIFT_VERSION = 5.0;
				TARGETED_DEVICE_FAMILY = "1,2";
				TEST_HOST = "$(BUILT_PRODUCTS_DIR)/ScoopTest.app/$(BUNDLE_EXECUTABLE_FOLDER_PATH)/ScoopTest";
			};
			name = Release;
		};
		657838542DE773CE00770B49 /* Debug */ = {
			isa = XCBuildConfiguration;
			buildSettings = {
				CODE_SIGN_STYLE = Automatic;
				CURRENT_PROJECT_VERSION = 1;
				DEVELOPMENT_TEAM = C92C3V9HUW;
				GENERATE_INFOPLIST_FILE = YES;
				MARKETING_VERSION = 1.0;
				PRODUCT_BUNDLE_IDENTIFIER = com.Arthur.ScoopTestUITests;
				PRODUCT_NAME = "$(TARGET_NAME)";
				SWIFT_EMIT_LOC_STRINGS = NO;
				SWIFT_VERSION = 5.0;
				TARGETED_DEVICE_FAMILY = "1,2";
				TEST_TARGET_NAME = ScoopTest;
			};
			name = Debug;
		};
		657838552DE773CE00770B49 /* Release */ = {
			isa = XCBuildConfiguration;
			buildSettings = {
				CODE_SIGN_STYLE = Automatic;
				CURRENT_PROJECT_VERSION = 1;
				DEVELOPMENT_TEAM = C92C3V9HUW;
				GENERATE_INFOPLIST_FILE = YES;
				MARKETING_VERSION = 1.0;
				PRODUCT_BUNDLE_IDENTIFIER = com.Arthur.ScoopTestUITests;
				PRODUCT_NAME = "$(TARGET_NAME)";
				SWIFT_EMIT_LOC_STRINGS = NO;
				SWIFT_VERSION = 5.0;
				TARGETED_DEVICE_FAMILY = "1,2";
				TEST_TARGET_NAME = ScoopTest;
			};
			name = Release;
		};
/* End XCBuildConfiguration section */

/* Begin XCConfigurationList section */
		657838272DE773CC00770B49 /* Build configuration list for PBXProject "ScoopTest" */ = {
			isa = XCConfigurationList;
			buildConfigurations = (
				6578384B2DE773CE00770B49 /* Debug */,
				6578384C2DE773CE00770B49 /* Release */,
			);
			defaultConfigurationIsVisible = 0;
			defaultConfigurationName = Release;
		};
		6578384D2DE773CE00770B49 /* Build configuration list for PBXNativeTarget "ScoopTest" */ = {
			isa = XCConfigurationList;
			buildConfigurations = (
				6578384E2DE773CE00770B49 /* Debug */,
				6578384F2DE773CE00770B49 /* Release */,
			);
			defaultConfigurationIsVisible = 0;
			defaultConfigurationName = Release;
		};
		657838502DE773CE00770B49 /* Build configuration list for PBXNativeTarget "ScoopTestTests" */ = {
			isa = XCConfigurationList;
			buildConfigurations = (
				657838512DE773CE00770B49 /* Debug */,
				657838522DE773CE00770B49 /* Release */,
			);
			defaultConfigurationIsVisible = 0;
			defaultConfigurationName = Release;
		};
		657838532DE773CE00770B49 /* Build configuration list for PBXNativeTarget "ScoopTestUITests" */ = {
			isa = XCConfigurationList;
			buildConfigurations = (
				657838542DE773CE00770B49 /* Debug */,
				657838552DE773CE00770B49 /* Release */,
			);
			defaultConfigurationIsVisible = 0;
			defaultConfigurationName = Release;
		};
/* End XCConfigurationList section */

/* Begin XCRemoteSwiftPackageReference section */
		6508A0B82DF209B600312AFD /* XCRemoteSwiftPackageReference "swiftui-flow-layout" */ = {
			isa = XCRemoteSwiftPackageReference;
			repositoryURL = "https://github.com/globulus/swiftui-flow-layout";
			requirement = {
				kind = upToNextMajorVersion;
				minimumVersion = 1.0.5;
			};
		};
		653BAF882E0B860800C1AB9E /* XCRemoteSwiftPackageReference "firebase-ios-sdk" */ = {
			isa = XCRemoteSwiftPackageReference;
			repositoryURL = "https://github.com/firebase/firebase-ios-sdk";
			requirement = {
				kind = upToNextMajorVersion;
				minimumVersion = 11.15.0;
			};
		};
/* End XCRemoteSwiftPackageReference section */

/* Begin XCSwiftPackageProductDependency section */
		65058E8D2E1C4080009AD7FD /* FirebaseFirestore */ = {
			isa = XCSwiftPackageProductDependency;
			package = 653BAF882E0B860800C1AB9E /* XCRemoteSwiftPackageReference "firebase-ios-sdk" */;
			productName = FirebaseFirestore;
		};
		6508A0B92DF209B600312AFD /* SwiftUIFlowLayout */ = {
			isa = XCSwiftPackageProductDependency;
			package = 6508A0B82DF209B600312AFD /* XCRemoteSwiftPackageReference "swiftui-flow-layout" */;
			productName = SwiftUIFlowLayout;
		};
		653BAF892E0B860800C1AB9E /* FirebaseAnalytics */ = {
			isa = XCSwiftPackageProductDependency;
			package = 653BAF882E0B860800C1AB9E /* XCRemoteSwiftPackageReference "firebase-ios-sdk" */;
			productName = FirebaseAnalytics;
		};
		653BAF8B2E0B860800C1AB9E /* FirebaseAuth */ = {
			isa = XCSwiftPackageProductDependency;
			package = 653BAF882E0B860800C1AB9E /* XCRemoteSwiftPackageReference "firebase-ios-sdk" */;
			productName = FirebaseAuth;
		};
		653BAF8D2E0B860800C1AB9E /* FirebaseStorage */ = {
			isa = XCSwiftPackageProductDependency;
			package = 653BAF882E0B860800C1AB9E /* XCRemoteSwiftPackageReference "firebase-ios-sdk" */;
			productName = FirebaseStorage;
		};
/* End XCSwiftPackageProductDependency section */
	};
	rootObject = 657838242DE773CC00770B49 /* Project object */;
}
